// !$*UTF8*$!
{
	archiveVersion = 1;
	classes = {
	};
	objectVersion = 46;
	objects = {

/* Begin PBXBuildFile section */
		3CC1681015A2E52A00A2AB44 /* UIKit.framework in Frameworks */ = {isa = PBXBuildFile; fileRef = 3CC1680F15A2E52A00A2AB44 /* UIKit.framework */; };
		3CC1681215A2E52A00A2AB44 /* Foundation.framework in Frameworks */ = {isa = PBXBuildFile; fileRef = 3CC1681115A2E52A00A2AB44 /* Foundation.framework */; };
		3CC1681415A2E52A00A2AB44 /* CoreGraphics.framework in Frameworks */ = {isa = PBXBuildFile; fileRef = 3CC1681315A2E52A00A2AB44 /* CoreGraphics.framework */; };
		3CC1681615A2E52A00A2AB44 /* CoreData.framework in Frameworks */ = {isa = PBXBuildFile; fileRef = 3CC1681515A2E52A00A2AB44 /* CoreData.framework */; };
		3CC1681C15A2E52B00A2AB44 /* InfoPlist.strings in Resources */ = {isa = PBXBuildFile; fileRef = 3CC1681A15A2E52B00A2AB44 /* InfoPlist.strings */; };
		3CC1681E15A2E52B00A2AB44 /* main.m in Sources */ = {isa = PBXBuildFile; fileRef = 3CC1681D15A2E52B00A2AB44 /* main.m */; };
		3CC1682215A2E52B00A2AB44 /* AppDelegate.m in Sources */ = {isa = PBXBuildFile; fileRef = 3CC1682115A2E52B00A2AB44 /* AppDelegate.m */; };
		3CC1682515A2E52B00A2AB44 /* Basketballer.xcdatamodeld in Sources */ = {isa = PBXBuildFile; fileRef = 3CC1682315A2E52B00A2AB44 /* Basketballer.xcdatamodeld */; };
		3CC1683715A2E61A00A2AB44 /* MainWindow.xib in Resources */ = {isa = PBXBuildFile; fileRef = 3CC1683615A2E61A00A2AB44 /* MainWindow.xib */; };
		3CC1683C15A2E71400A2AB44 /* GameHistoriesViewController.m in Sources */ = {isa = PBXBuildFile; fileRef = 3CC1683A15A2E71400A2AB44 /* GameHistoriesViewController.m */; };
		3CC1683D15A2E71400A2AB44 /* GameHistoriesViewController.xib in Resources */ = {isa = PBXBuildFile; fileRef = 3CC1683B15A2E71400A2AB44 /* GameHistoriesViewController.xib */; };
		E68D111015A2F7400074982D /* Team.m in Sources */ = {isa = PBXBuildFile; fileRef = E68D110F15A2F7400074982D /* Team.m */; };
		E68D111315A2FAA40074982D /* GameSettingViewController.m in Sources */ = {isa = PBXBuildFile; fileRef = E68D111215A2FAA40074982D /* GameSettingViewController.m */; };
		E68D111E15A3DA0C0074982D /* GameSetting.m in Sources */ = {isa = PBXBuildFile; fileRef = E68D111D15A3DA0C0074982D /* GameSetting.m */; };
		E68D116215A4245A0074982D /* SingleChoiceViewController.m in Sources */ = {isa = PBXBuildFile; fileRef = E68D116115A4245A0074982D /* SingleChoiceViewController.m */; };
		E68D116815A53CE50074982D /* MatchManager.m in Sources */ = {isa = PBXBuildFile; fileRef = E68D116715A53CE50074982D /* MatchManager.m */; };
		E68D116F15A591AA0074982D /* MatchRecordCell.xib in Resources */ = {isa = PBXBuildFile; fileRef = E68D116E15A591AA0074982D /* MatchRecordCell.xib */; };
		E68D117115A59DA20074982D /* DefaultTeamProfile.png in Resources */ = {isa = PBXBuildFile; fileRef = E68D117015A59DA20074982D /* DefaultTeamProfile.png */; };
		E68D117A15A5F2910074982D /* GameDetailsViewController.m in Sources */ = {isa = PBXBuildFile; fileRef = E68D117815A5F2900074982D /* GameDetailsViewController.m */; };
		E68D117B15A5F2910074982D /* GameDetailsViewController.xib in Resources */ = {isa = PBXBuildFile; fileRef = E68D117915A5F2900074982D /* GameDetailsViewController.xib */; };
		E68D118515A684B30074982D /* MatchPartSummaryCell.xib in Resources */ = {isa = PBXBuildFile; fileRef = E68D118415A684B30074982D /* MatchPartSummaryCell.xib */; };
		E68D118815A68D090074982D /* MatchActionFilterCell.xib in Resources */ = {isa = PBXBuildFile; fileRef = E68D118715A68D090074982D /* MatchActionFilterCell.xib */; };
		E68D118A15A696B60074982D /* DefaultTeamProfile@2x.png in Resources */ = {isa = PBXBuildFile; fileRef = E68D118915A696B60074982D /* DefaultTeamProfile@2x.png */; };
		E68D119315A6C7460074982D /* Action.m in Sources */ = {isa = PBXBuildFile; fileRef = E68D119215A6C7460074982D /* Action.m */; };
		E6E1D94A15AA7F4700CB0C0E /* Match.m in Sources */ = {isa = PBXBuildFile; fileRef = E6E1D94915AA7F4700CB0C0E /* Match.m */; };
		E6E1D94D15AA87F800CB0C0E /* ActionManager.m in Sources */ = {isa = PBXBuildFile; fileRef = E6E1D94C15AA87F800CB0C0E /* ActionManager.m */; };
		E6E1D95015AAD74C00CB0C0E /* SettingViewController.m in Sources */ = {isa = PBXBuildFile; fileRef = E6E1D94F15AAD74B00CB0C0E /* SettingViewController.m */; };
		E6E1D95315AADB3B00CB0C0E /* TeamSettingViewController.m in Sources */ = {isa = PBXBuildFile; fileRef = E6E1D95215AADB3A00CB0C0E /* TeamSettingViewController.m */; };
/* End PBXBuildFile section */

/* Begin PBXFileReference section */
		3CC1680B15A2E52A00A2AB44 /* Basketballer.app */ = {isa = PBXFileReference; explicitFileType = wrapper.application; includeInIndex = 0; path = Basketballer.app; sourceTree = BUILT_PRODUCTS_DIR; };
		3CC1680F15A2E52A00A2AB44 /* UIKit.framework */ = {isa = PBXFileReference; lastKnownFileType = wrapper.framework; name = UIKit.framework; path = System/Library/Frameworks/UIKit.framework; sourceTree = SDKROOT; };
		3CC1681115A2E52A00A2AB44 /* Foundation.framework */ = {isa = PBXFileReference; lastKnownFileType = wrapper.framework; name = Foundation.framework; path = System/Library/Frameworks/Foundation.framework; sourceTree = SDKROOT; };
		3CC1681315A2E52A00A2AB44 /* CoreGraphics.framework */ = {isa = PBXFileReference; lastKnownFileType = wrapper.framework; name = CoreGraphics.framework; path = System/Library/Frameworks/CoreGraphics.framework; sourceTree = SDKROOT; };
		3CC1681515A2E52A00A2AB44 /* CoreData.framework */ = {isa = PBXFileReference; lastKnownFileType = wrapper.framework; name = CoreData.framework; path = System/Library/Frameworks/CoreData.framework; sourceTree = SDKROOT; };
		3CC1681915A2E52B00A2AB44 /* Basketballer-Info.plist */ = {isa = PBXFileReference; lastKnownFileType = text.plist.xml; path = "Basketballer-Info.plist"; sourceTree = "<group>"; };
		3CC1681B15A2E52B00A2AB44 /* en */ = {isa = PBXFileReference; lastKnownFileType = text.plist.strings; name = en; path = en.lproj/InfoPlist.strings; sourceTree = "<group>"; };
		3CC1681D15A2E52B00A2AB44 /* main.m */ = {isa = PBXFileReference; lastKnownFileType = sourcecode.c.objc; path = main.m; sourceTree = "<group>"; };
		3CC1681F15A2E52B00A2AB44 /* Basketballer-Prefix.pch */ = {isa = PBXFileReference; lastKnownFileType = sourcecode.c.h; path = "Basketballer-Prefix.pch"; sourceTree = "<group>"; };
		3CC1682015A2E52B00A2AB44 /* AppDelegate.h */ = {isa = PBXFileReference; lastKnownFileType = sourcecode.c.h; path = AppDelegate.h; sourceTree = "<group>"; };
		3CC1682115A2E52B00A2AB44 /* AppDelegate.m */ = {isa = PBXFileReference; lastKnownFileType = sourcecode.c.objc; path = AppDelegate.m; sourceTree = "<group>"; };
		3CC1682415A2E52B00A2AB44 /* Basketballer.xcdatamodel */ = {isa = PBXFileReference; lastKnownFileType = wrapper.xcdatamodel; path = Basketballer.xcdatamodel; sourceTree = "<group>"; };
		3CC1683615A2E61A00A2AB44 /* MainWindow.xib */ = {isa = PBXFileReference; fileEncoding = 4; lastKnownFileType = file.xib; path = MainWindow.xib; sourceTree = "<group>"; };
		3CC1683915A2E71400A2AB44 /* GameHistoriesViewController.h */ = {isa = PBXFileReference; fileEncoding = 4; lastKnownFileType = sourcecode.c.h; path = GameHistoriesViewController.h; sourceTree = "<group>"; };
		3CC1683A15A2E71400A2AB44 /* GameHistoriesViewController.m */ = {isa = PBXFileReference; fileEncoding = 4; lastKnownFileType = sourcecode.c.objc; path = GameHistoriesViewController.m; sourceTree = "<group>"; };
		3CC1683B15A2E71400A2AB44 /* GameHistoriesViewController.xib */ = {isa = PBXFileReference; fileEncoding = 4; lastKnownFileType = file.xib; path = GameHistoriesViewController.xib; sourceTree = "<group>"; };
		E68D110E15A2F7400074982D /* Team.h */ = {isa = PBXFileReference; fileEncoding = 4; lastKnownFileType = sourcecode.c.h; path = Team.h; sourceTree = "<group>"; };
		E68D110F15A2F7400074982D /* Team.m */ = {isa = PBXFileReference; fileEncoding = 4; lastKnownFileType = sourcecode.c.objc; path = Team.m; sourceTree = "<group>"; };
		E68D111115A2FAA30074982D /* GameSettingViewController.h */ = {isa = PBXFileReference; fileEncoding = 4; lastKnownFileType = sourcecode.c.h; path = GameSettingViewController.h; sourceTree = "<group>"; };
		E68D111215A2FAA40074982D /* GameSettingViewController.m */ = {isa = PBXFileReference; fileEncoding = 4; lastKnownFileType = sourcecode.c.objc; path = GameSettingViewController.m; sourceTree = "<group>"; };
		E68D111C15A3DA0C0074982D /* GameSetting.h */ = {isa = PBXFileReference; fileEncoding = 4; lastKnownFileType = sourcecode.c.h; path = GameSetting.h; sourceTree = "<group>"; };
		E68D111D15A3DA0C0074982D /* GameSetting.m */ = {isa = PBXFileReference; fileEncoding = 4; lastKnownFileType = sourcecode.c.objc; path = GameSetting.m; sourceTree = "<group>"; };
		E68D116015A4245A0074982D /* SingleChoiceViewController.h */ = {isa = PBXFileReference; fileEncoding = 4; lastKnownFileType = sourcecode.c.h; path = SingleChoiceViewController.h; sourceTree = "<group>"; };
		E68D116115A4245A0074982D /* SingleChoiceViewController.m */ = {isa = PBXFileReference; fileEncoding = 4; lastKnownFileType = sourcecode.c.objc; path = SingleChoiceViewController.m; sourceTree = "<group>"; };
		E68D116615A53CE40074982D /* MatchManager.h */ = {isa = PBXFileReference; fileEncoding = 4; lastKnownFileType = sourcecode.c.h; path = MatchManager.h; sourceTree = "<group>"; };
		E68D116715A53CE50074982D /* MatchManager.m */ = {isa = PBXFileReference; fileEncoding = 4; lastKnownFileType = sourcecode.c.objc; path = MatchManager.m; sourceTree = "<group>"; };
		E68D116E15A591AA0074982D /* MatchRecordCell.xib */ = {isa = PBXFileReference; fileEncoding = 4; lastKnownFileType = file.xib; path = MatchRecordCell.xib; sourceTree = "<group>"; };
		E68D117015A59DA20074982D /* DefaultTeamProfile.png */ = {isa = PBXFileReference; lastKnownFileType = image.png; path = DefaultTeamProfile.png; sourceTree = "<group>"; };
		E68D117715A5F28F0074982D /* GameDetailsViewController.h */ = {isa = PBXFileReference; fileEncoding = 4; lastKnownFileType = sourcecode.c.h; path = GameDetailsViewController.h; sourceTree = "<group>"; };
		E68D117815A5F2900074982D /* GameDetailsViewController.m */ = {isa = PBXFileReference; fileEncoding = 4; lastKnownFileType = sourcecode.c.objc; path = GameDetailsViewController.m; sourceTree = "<group>"; };
		E68D117915A5F2900074982D /* GameDetailsViewController.xib */ = {isa = PBXFileReference; fileEncoding = 4; lastKnownFileType = file.xib; path = GameDetailsViewController.xib; sourceTree = "<group>"; };
		E68D118415A684B30074982D /* MatchPartSummaryCell.xib */ = {isa = PBXFileReference; fileEncoding = 4; lastKnownFileType = file.xib; path = MatchPartSummaryCell.xib; sourceTree = "<group>"; };
		E68D118715A68D090074982D /* MatchActionFilterCell.xib */ = {isa = PBXFileReference; fileEncoding = 4; lastKnownFileType = file.xib; path = MatchActionFilterCell.xib; sourceTree = "<group>"; };
		E68D118915A696B60074982D /* DefaultTeamProfile@2x.png */ = {isa = PBXFileReference; lastKnownFileType = image.png; path = "DefaultTeamProfile@2x.png"; sourceTree = "<group>"; };
		E68D119115A6C7460074982D /* Action.h */ = {isa = PBXFileReference; fileEncoding = 4; lastKnownFileType = sourcecode.c.h; path = Action.h; sourceTree = "<group>"; };
		E68D119215A6C7460074982D /* Action.m */ = {isa = PBXFileReference; fileEncoding = 4; lastKnownFileType = sourcecode.c.objc; path = Action.m; sourceTree = "<group>"; };
		E6E1D94815AA7F4700CB0C0E /* Match.h */ = {isa = PBXFileReference; fileEncoding = 4; lastKnownFileType = sourcecode.c.h; path = Match.h; sourceTree = "<group>"; };
		E6E1D94915AA7F4700CB0C0E /* Match.m */ = {isa = PBXFileReference; fileEncoding = 4; lastKnownFileType = sourcecode.c.objc; path = Match.m; sourceTree = "<group>"; };
		E6E1D94B15AA87F800CB0C0E /* ActionManager.h */ = {isa = PBXFileReference; fileEncoding = 4; lastKnownFileType = sourcecode.c.h; path = ActionManager.h; sourceTree = "<group>"; };
		E6E1D94C15AA87F800CB0C0E /* ActionManager.m */ = {isa = PBXFileReference; fileEncoding = 4; lastKnownFileType = sourcecode.c.objc; path = ActionManager.m; sourceTree = "<group>"; };
		E6E1D94E15AAD74B00CB0C0E /* SettingViewController.h */ = {isa = PBXFileReference; fileEncoding = 4; lastKnownFileType = sourcecode.c.h; path = SettingViewController.h; sourceTree = "<group>"; };
		E6E1D94F15AAD74B00CB0C0E /* SettingViewController.m */ = {isa = PBXFileReference; fileEncoding = 4; lastKnownFileType = sourcecode.c.objc; path = SettingViewController.m; sourceTree = "<group>"; };
		E6E1D95115AADB3A00CB0C0E /* TeamSettingViewController.h */ = {isa = PBXFileReference; fileEncoding = 4; lastKnownFileType = sourcecode.c.h; path = TeamSettingViewController.h; sourceTree = "<group>"; };
		E6E1D95215AADB3A00CB0C0E /* TeamSettingViewController.m */ = {isa = PBXFileReference; fileEncoding = 4; lastKnownFileType = sourcecode.c.objc; path = TeamSettingViewController.m; sourceTree = "<group>"; };
/* End PBXFileReference section */

/* Begin PBXFrameworksBuildPhase section */
		3CC1680815A2E52A00A2AB44 /* Frameworks */ = {
			isa = PBXFrameworksBuildPhase;
			buildActionMask = 2147483647;
			files = (
				3CC1681015A2E52A00A2AB44 /* UIKit.framework in Frameworks */,
				3CC1681215A2E52A00A2AB44 /* Foundation.framework in Frameworks */,
				3CC1681415A2E52A00A2AB44 /* CoreGraphics.framework in Frameworks */,
				3CC1681615A2E52A00A2AB44 /* CoreData.framework in Frameworks */,
			);
			runOnlyForDeploymentPostprocessing = 0;
		};
/* End PBXFrameworksBuildPhase section */

/* Begin PBXGroup section */
		3CC1680015A2E52A00A2AB44 = {
			isa = PBXGroup;
			children = (
				3CC1681715A2E52B00A2AB44 /* Basketballer */,
				3CC1680E15A2E52A00A2AB44 /* Frameworks */,
				3CC1680C15A2E52A00A2AB44 /* Products */,
			);
			sourceTree = "<group>";
		};
		3CC1680C15A2E52A00A2AB44 /* Products */ = {
			isa = PBXGroup;
			children = (
				3CC1680B15A2E52A00A2AB44 /* Basketballer.app */,
			);
			name = Products;
			sourceTree = "<group>";
		};
		3CC1680E15A2E52A00A2AB44 /* Frameworks */ = {
			isa = PBXGroup;
			children = (
				3CC1680F15A2E52A00A2AB44 /* UIKit.framework */,
				3CC1681115A2E52A00A2AB44 /* Foundation.framework */,
				3CC1681315A2E52A00A2AB44 /* CoreGraphics.framework */,
				3CC1681515A2E52A00A2AB44 /* CoreData.framework */,
			);
			name = Frameworks;
			sourceTree = "<group>";
		};
		3CC1681715A2E52B00A2AB44 /* Basketballer */ = {
			isa = PBXGroup;
			children = (
				E68D110315A2F7020074982D /* DataStore */,
				3CC1683815A2E6EE00A2AB44 /* Classes */,
				3CC1683315A2E5E400A2AB44 /* Resources */,
				3CC1682015A2E52B00A2AB44 /* AppDelegate.h */,
				3CC1682115A2E52B00A2AB44 /* AppDelegate.m */,
				3CC1682315A2E52B00A2AB44 /* Basketballer.xcdatamodeld */,
				3CC1681815A2E52B00A2AB44 /* Supporting Files */,
			);
			path = Basketballer;
			sourceTree = "<group>";
		};
		3CC1681815A2E52B00A2AB44 /* Supporting Files */ = {
			isa = PBXGroup;
			children = (
				3CC1681915A2E52B00A2AB44 /* Basketballer-Info.plist */,
				3CC1681A15A2E52B00A2AB44 /* InfoPlist.strings */,
				3CC1681D15A2E52B00A2AB44 /* main.m */,
				3CC1681F15A2E52B00A2AB44 /* Basketballer-Prefix.pch */,
			);
			name = "Supporting Files";
			sourceTree = "<group>";
		};
		3CC1683315A2E5E400A2AB44 /* Resources */ = {
			isa = PBXGroup;
			children = (
				E68D118915A696B60074982D /* DefaultTeamProfile@2x.png */,
				E68D117015A59DA20074982D /* DefaultTeamProfile.png */,
				3CC1683515A2E60200A2AB44 /* xib */,
			);
			name = Resources;
			sourceTree = "<group>";
		};
		3CC1683515A2E60200A2AB44 /* xib */ = {
			isa = PBXGroup;
			children = (
				E68D117915A5F2900074982D /* GameDetailsViewController.xib */,
				3CC1683B15A2E71400A2AB44 /* GameHistoriesViewController.xib */,
				3CC1683615A2E61A00A2AB44 /* MainWindow.xib */,
				E68D116E15A591AA0074982D /* MatchRecordCell.xib */,
				E68D118415A684B30074982D /* MatchPartSummaryCell.xib */,
				E68D118715A68D090074982D /* MatchActionFilterCell.xib */,
			);
			name = xib;
			sourceTree = "<group>";
		};
		3CC1683815A2E6EE00A2AB44 /* Classes */ = {
			isa = PBXGroup;
			children = (
				E68D117715A5F28F0074982D /* GameDetailsViewController.h */,
				E68D117815A5F2900074982D /* GameDetailsViewController.m */,
				3CC1683915A2E71400A2AB44 /* GameHistoriesViewController.h */,
				3CC1683A15A2E71400A2AB44 /* GameHistoriesViewController.m */,
				E68D111115A2FAA30074982D /* GameSettingViewController.h */,
				E68D111215A2FAA40074982D /* GameSettingViewController.m */,
				E6E1D94E15AAD74B00CB0C0E /* SettingViewController.h */,
				E6E1D94F15AAD74B00CB0C0E /* SettingViewController.m */,
				E68D116015A4245A0074982D /* SingleChoiceViewController.h */,
				E68D116115A4245A0074982D /* SingleChoiceViewController.m */,
				E6E1D95115AADB3A00CB0C0E /* TeamSettingViewController.h */,
				E6E1D95215AADB3A00CB0C0E /* TeamSettingViewController.m */,
			);
			name = Classes;
			sourceTree = "<group>";
		};
		E68D110315A2F7020074982D /* DataStore */ = {
			isa = PBXGroup;
			children = (
				E6E1D94815AA7F4700CB0C0E /* Match.h */,
				E6E1D94915AA7F4700CB0C0E /* Match.m */,
				E68D116615A53CE40074982D /* MatchManager.h */,
				E68D116715A53CE50074982D /* MatchManager.m */,
				E68D119115A6C7460074982D /* Action.h */,
				E68D119215A6C7460074982D /* Action.m */,
				E6E1D94B15AA87F800CB0C0E /* ActionManager.h */,
				E6E1D94C15AA87F800CB0C0E /* ActionManager.m */,
				E68D110E15A2F7400074982D /* Team.h */,
				E68D110F15A2F7400074982D /* Team.m */,
				E68D111C15A3DA0C0074982D /* GameSetting.h */,
				E68D111D15A3DA0C0074982D /* GameSetting.m */,
			);
			name = DataStore;
			sourceTree = "<group>";
		};
/* End PBXGroup section */

/* Begin PBXNativeTarget section */
		3CC1680A15A2E52A00A2AB44 /* Basketballer */ = {
			isa = PBXNativeTarget;
			buildConfigurationList = 3CC1682815A2E52B00A2AB44 /* Build configuration list for PBXNativeTarget "Basketballer" */;
			buildPhases = (
				3CC1680715A2E52A00A2AB44 /* Sources */,
				3CC1680815A2E52A00A2AB44 /* Frameworks */,
				3CC1680915A2E52A00A2AB44 /* Resources */,
			);
			buildRules = (
			);
			dependencies = (
			);
			name = Basketballer;
			productName = Basketballer;
			productReference = 3CC1680B15A2E52A00A2AB44 /* Basketballer.app */;
			productType = "com.apple.product-type.application";
		};
/* End PBXNativeTarget section */

/* Begin PBXProject section */
		3CC1680215A2E52A00A2AB44 /* Project object */ = {
			isa = PBXProject;
			attributes = {
				LastUpgradeCheck = 0430;
			};
			buildConfigurationList = 3CC1680515A2E52A00A2AB44 /* Build configuration list for PBXProject "Basketballer" */;
			compatibilityVersion = "Xcode 3.2";
			developmentRegion = English;
			hasScannedForEncodings = 0;
			knownRegions = (
				en,
			);
			mainGroup = 3CC1680015A2E52A00A2AB44;
			productRefGroup = 3CC1680C15A2E52A00A2AB44 /* Products */;
			projectDirPath = "";
			projectRoot = "";
			targets = (
				3CC1680A15A2E52A00A2AB44 /* Basketballer */,
			);
		};
/* End PBXProject section */

/* Begin PBXResourcesBuildPhase section */
		3CC1680915A2E52A00A2AB44 /* Resources */ = {
			isa = PBXResourcesBuildPhase;
			buildActionMask = 2147483647;
			files = (
				3CC1681C15A2E52B00A2AB44 /* InfoPlist.strings in Resources */,
				3CC1683715A2E61A00A2AB44 /* MainWindow.xib in Resources */,
				3CC1683D15A2E71400A2AB44 /* GameHistoriesViewController.xib in Resources */,
				E68D116F15A591AA0074982D /* MatchRecordCell.xib in Resources */,
				E68D117115A59DA20074982D /* DefaultTeamProfile.png in Resources */,
				E68D117B15A5F2910074982D /* GameDetailsViewController.xib in Resources */,
				E68D118515A684B30074982D /* MatchPartSummaryCell.xib in Resources */,
				E68D118815A68D090074982D /* MatchActionFilterCell.xib in Resources */,
				E68D118A15A696B60074982D /* DefaultTeamProfile@2x.png in Resources */,
			);
			runOnlyForDeploymentPostprocessing = 0;
		};
/* End PBXResourcesBuildPhase section */

/* Begin PBXSourcesBuildPhase section */
		3CC1680715A2E52A00A2AB44 /* Sources */ = {
			isa = PBXSourcesBuildPhase;
			buildActionMask = 2147483647;
			files = (
				3CC1681E15A2E52B00A2AB44 /* main.m in Sources */,
				3CC1682215A2E52B00A2AB44 /* AppDelegate.m in Sources */,
				3CC1682515A2E52B00A2AB44 /* Basketballer.xcdatamodeld in Sources */,
				3CC1683C15A2E71400A2AB44 /* GameHistoriesViewController.m in Sources */,
				E68D111015A2F7400074982D /* Team.m in Sources */,
				E68D111315A2FAA40074982D /* GameSettingViewController.m in Sources */,
				E68D111E15A3DA0C0074982D /* GameSetting.m in Sources */,
				E68D116215A4245A0074982D /* SingleChoiceViewController.m in Sources */,
				E68D116815A53CE50074982D /* MatchManager.m in Sources */,
				E68D117A15A5F2910074982D /* GameDetailsViewController.m in Sources */,
				E68D119315A6C7460074982D /* Action.m in Sources */,
				E6E1D94A15AA7F4700CB0C0E /* Match.m in Sources */,
				E6E1D94D15AA87F800CB0C0E /* ActionManager.m in Sources */,
				E6E1D95015AAD74C00CB0C0E /* SettingViewController.m in Sources */,
				E6E1D95315AADB3B00CB0C0E /* TeamSettingViewController.m in Sources */,
			);
			runOnlyForDeploymentPostprocessing = 0;
		};
/* End PBXSourcesBuildPhase section */

/* Begin PBXVariantGroup section */
		3CC1681A15A2E52B00A2AB44 /* InfoPlist.strings */ = {
			isa = PBXVariantGroup;
			children = (
				3CC1681B15A2E52B00A2AB44 /* en */,
			);
			name = InfoPlist.strings;
			sourceTree = "<group>";
		};
/* End PBXVariantGroup section */

/* Begin XCBuildConfiguration section */
		3CC1682615A2E52B00A2AB44 /* Debug */ = {
			isa = XCBuildConfiguration;
			buildSettings = {
				ALWAYS_SEARCH_USER_PATHS = NO;
				ARCHS = "$(ARCHS_STANDARD_32_BIT)";
				CLANG_ENABLE_OBJC_ARC = YES;
				CODE_SIGN_IDENTITY = "iPhone Developer: WANWEI LIU (5Y6RV2MD2B)";
				"CODE_SIGN_IDENTITY[sdk=iphoneos*]" = "iPhone Developer";
				COPY_PHASE_STRIP = NO;
				GCC_C_LANGUAGE_STANDARD = gnu99;
				GCC_DYNAMIC_NO_PIC = NO;
				GCC_OPTIMIZATION_LEVEL = 0;
				GCC_PREPROCESSOR_DEFINITIONS = (
					"DEBUG=1",
					"$(inherited)",
				);
				GCC_SYMBOLS_PRIVATE_EXTERN = NO;
				GCC_VERSION = com.apple.compilers.llvm.clang.1_0;
				GCC_WARN_ABOUT_RETURN_TYPE = YES;
				GCC_WARN_UNINITIALIZED_AUTOS = YES;
				GCC_WARN_UNUSED_VARIABLE = YES;
				IPHONEOS_DEPLOYMENT_TARGET = 5.0;
				PROVISIONING_PROFILE = "6BC06E57-3B09-4524-A158-5451A6A07668";
				SDKROOT = iphoneos;
			};
			name = Debug;
		};
		3CC1682715A2E52B00A2AB44 /* Release */ = {
			isa = XCBuildConfiguration;
			buildSettings = {
				ALWAYS_SEARCH_USER_PATHS = NO;
				ARCHS = "$(ARCHS_STANDARD_32_BIT)";
				CLANG_ENABLE_OBJC_ARC = YES;
				CODE_SIGN_IDENTITY = "iPhone Developer: WANWEI LIU (5Y6RV2MD2B)";
				"CODE_SIGN_IDENTITY[sdk=iphoneos*]" = "iPhone Developer";
				COPY_PHASE_STRIP = YES;
				GCC_C_LANGUAGE_STANDARD = gnu99;
				GCC_VERSION = com.apple.compilers.llvm.clang.1_0;
				GCC_WARN_ABOUT_RETURN_TYPE = YES;
				GCC_WARN_UNINITIALIZED_AUTOS = YES;
				GCC_WARN_UNUSED_VARIABLE = YES;
				IPHONEOS_DEPLOYMENT_TARGET = 5.0;
				OTHER_CFLAGS = "-DNS_BLOCK_ASSERTIONS=1";
				PROVISIONING_PROFILE = "6BC06E57-3B09-4524-A158-5451A6A07668";
				SDKROOT = iphoneos;
				VALIDATE_PRODUCT = YES;
			};
			name = Release;
		};
		3CC1682915A2E52B00A2AB44 /* Debug */ = {
			isa = XCBuildConfiguration;
			buildSettings = {
				GCC_PRECOMPILE_PREFIX_HEADER = YES;
				GCC_PREFIX_HEADER = "Basketballer/Basketballer-Prefix.pch";
				INFOPLIST_FILE = "Basketballer/Basketballer-Info.plist";
				IPHONEOS_DEPLOYMENT_TARGET = 5.0;
				PRODUCT_NAME = "$(TARGET_NAME)";
				WRAPPER_EXTENSION = app;
			};
			name = Debug;
		};
		3CC1682A15A2E52B00A2AB44 /* Release */ = {
			isa = XCBuildConfiguration;
			buildSettings = {
				GCC_PRECOMPILE_PREFIX_HEADER = YES;
				GCC_PREFIX_HEADER = "Basketballer/Basketballer-Prefix.pch";
				INFOPLIST_FILE = "Basketballer/Basketballer-Info.plist";
				IPHONEOS_DEPLOYMENT_TARGET = 5.0;
				PRODUCT_NAME = "$(TARGET_NAME)";
				WRAPPER_EXTENSION = app;
			};
			name = Release;
		};
/* End XCBuildConfiguration section */

/* Begin XCConfigurationList section */
		3CC1680515A2E52A00A2AB44 /* Build configuration list for PBXProject "Basketballer" */ = {
			isa = XCConfigurationList;
			buildConfigurations = (
				3CC1682615A2E52B00A2AB44 /* Debug */,
				3CC1682715A2E52B00A2AB44 /* Release */,
			);
			defaultConfigurationIsVisible = 0;
			defaultConfigurationName = Release;
		};
		3CC1682815A2E52B00A2AB44 /* Build configuration list for PBXNativeTarget "Basketballer" */ = {
			isa = XCConfigurationList;
			buildConfigurations = (
				3CC1682915A2E52B00A2AB44 /* Debug */,
				3CC1682A15A2E52B00A2AB44 /* Release */,
			);
			defaultConfigurationIsVisible = 0;
			defaultConfigurationName = Release;
		};
/* End XCConfigurationList section */

/* Begin XCVersionGroup section */
		3CC1682315A2E52B00A2AB44 /* Basketballer.xcdatamodeld */ = {
			isa = XCVersionGroup;
			children = (
				3CC1682415A2E52B00A2AB44 /* Basketballer.xcdatamodel */,
			);
			currentVersion = 3CC1682415A2E52B00A2AB44 /* Basketballer.xcdatamodel */;
			path = Basketballer.xcdatamodeld;
			sourceTree = "<group>";
			versionGroupType = wrapper.xcdatamodel;
		};
/* End XCVersionGroup section */
	};
	rootObject = 3CC1680215A2E52A00A2AB44 /* Project object */;
}
