// !$*UTF8*$!
{
	archiveVersion = 1;
	classes = {
	};
	objectVersion = 46;
	objects = {

/* Begin PBXBuildFile section */
		3C06B17815C24EF50009C909 /* matchPause.png in Resources */ = {isa = PBXBuildFile; fileRef = 3C06B17715C24EF50009C909 /* matchPause.png */; };
		3C121F5F15A3D58A0062BECD /* OperateGameViewController.m in Sources */ = {isa = PBXBuildFile; fileRef = 3C121F5D15A3D58A0062BECD /* OperateGameViewController.m */; };
		3C121F6015A3D58A0062BECD /* OperateGameViewController.xib in Resources */ = {isa = PBXBuildFile; fileRef = 3C121F5E15A3D58A0062BECD /* OperateGameViewController.xib */; };
		3C121F6515A3E9C00062BECD /* EditTeamInfoViewController.m in Sources */ = {isa = PBXBuildFile; fileRef = 3C121F6315A3E9C00062BECD /* EditTeamInfoViewController.m */; };
		3C121F6615A3E9C00062BECD /* EditTeamInfoViewController.xib in Resources */ = {isa = PBXBuildFile; fileRef = 3C121F6415A3E9C00062BECD /* EditTeamInfoViewController.xib */; };
		3C121FE515A6708A0062BECD /* pause.png in Resources */ = {isa = PBXBuildFile; fileRef = 3C121FE015A6708A0062BECD /* pause.png */; };
		3C121FE615A6708A0062BECD /* pause@2x.png in Resources */ = {isa = PBXBuildFile; fileRef = 3C121FE115A6708A0062BECD /* pause@2x.png */; };
		3C121FE715A6708B0062BECD /* play.png in Resources */ = {isa = PBXBuildFile; fileRef = 3C121FE215A6708A0062BECD /* play.png */; };
		3C121FE815A6708B0062BECD /* play@2x.png in Resources */ = {isa = PBXBuildFile; fileRef = 3C121FE315A6708A0062BECD /* play@2x.png */; };
		3C121FED15A673460062BECD /* stop.png in Resources */ = {isa = PBXBuildFile; fileRef = 3C121FEA15A673460062BECD /* stop.png */; };
		3C121FEE15A673460062BECD /* stop@2x.png in Resources */ = {isa = PBXBuildFile; fileRef = 3C121FEB15A673460062BECD /* stop@2x.png */; };
		3C12203215A6D9DA0062BECD /* sendmsg.caf in Resources */ = {isa = PBXBuildFile; fileRef = 3C12203115A6D9DA0062BECD /* sendmsg.caf */; };
		3C13E49815C192A900F4307C /* TimeStopPromptView.m in Sources */ = {isa = PBXBuildFile; fileRef = 3C13E49715C192A900F4307C /* TimeStopPromptView.m */; };
		3C13E49B15C192DB00F4307C /* TimeStopPromptView.xib in Resources */ = {isa = PBXBuildFile; fileRef = 3C13E49A15C192DB00F4307C /* TimeStopPromptView.xib */; };
		3C13E49D15C1939500F4307C /* timeStop.png in Resources */ = {isa = PBXBuildFile; fileRef = 3C13E49C15C1939500F4307C /* timeStop.png */; };
		3C2B1B3315C68F3500BAB6BE /* StartMatchView.m in Sources */ = {isa = PBXBuildFile; fileRef = 3C2B1B3215C68F3400BAB6BE /* StartMatchView.m */; };
		3C2B1B3815C68FF700BAB6BE /* StartMatchView.xib in Resources */ = {isa = PBXBuildFile; fileRef = 3C2B1B3715C68FF700BAB6BE /* StartMatchView.xib */; };
		3C2B1B3A15C699C700BAB6BE /* buttonPlayBlue.png in Resources */ = {isa = PBXBuildFile; fileRef = 3C2B1B3915C699C700BAB6BE /* buttonPlayBlue.png */; };
		3C42823B15B7B1B500903F9D /* buttonBackground.png in Resources */ = {isa = PBXBuildFile; fileRef = 3C42823A15B7B1B500903F9D /* buttonBackground.png */; };
		3C42824115B7C32200903F9D /* MatchModeCell.xib in Resources */ = {isa = PBXBuildFile; fileRef = 3C42824015B7C32200903F9D /* MatchModeCell.xib */; };
		3C42824315B8E00C00903F9D /* PopoverContentCell.xib in Resources */ = {isa = PBXBuildFile; fileRef = 3C42824215B8E00C00903F9D /* PopoverContentCell.xib */; };
		3C82955515B3AF6400A5E7E7 /* ActionRecordCell.xib in Resources */ = {isa = PBXBuildFile; fileRef = 3C82955415B3AF6400A5E7E7 /* ActionRecordCell.xib */; };
		3C82955A15B3B2A300A5E7E7 /* ActionRecordViewController.m in Sources */ = {isa = PBXBuildFile; fileRef = 3C82955815B3B2A300A5E7E7 /* ActionRecordViewController.m */; };
		3C82955B15B3B2A300A5E7E7 /* ActionRecordViewController.xib in Resources */ = {isa = PBXBuildFile; fileRef = 3C82955915B3B2A300A5E7E7 /* ActionRecordViewController.xib */; };
		3C82956115B3EE7800A5E7E7 /* AudioToolbox.framework in Frameworks */ = {isa = PBXBuildFile; fileRef = 3C82956015B3EE7800A5E7E7 /* AudioToolbox.framework */; };
		3CBA0BFB15AE7726003505BC /* TeamChoiceViewController.m in Sources */ = {isa = PBXBuildFile; fileRef = 3CBA0BF915AE7726003505BC /* TeamChoiceViewController.m */; };
		3CBA0BFC15AE7726003505BC /* TeamChoiceViewController.xib in Resources */ = {isa = PBXBuildFile; fileRef = 3CBA0BFA15AE7726003505BC /* TeamChoiceViewController.xib */; };
		3CBA0C0C15AECD2E003505BC /* UIBarButtonItem+WEPopover.m in Sources */ = {isa = PBXBuildFile; fileRef = 3CBA0C0415AECD2E003505BC /* UIBarButtonItem+WEPopover.m */; };
		3CBA0C0D15AECD2E003505BC /* WEPopoverContainerView.m in Sources */ = {isa = PBXBuildFile; fileRef = 3CBA0C0615AECD2E003505BC /* WEPopoverContainerView.m */; };
		3CBA0C0E15AECD2E003505BC /* WEPopoverController.m in Sources */ = {isa = PBXBuildFile; fileRef = 3CBA0C0815AECD2E003505BC /* WEPopoverController.m */; };
		3CBA0C0F15AECD2E003505BC /* WETouchableView.m in Sources */ = {isa = PBXBuildFile; fileRef = 3CBA0C0B15AECD2E003505BC /* WETouchableView.m */; };
		3CBA0C1215AECD4B003505BC /* WEPopoverContentViewController.m in Sources */ = {isa = PBXBuildFile; fileRef = 3CBA0C1115AECD4B003505BC /* WEPopoverContentViewController.m */; };
		3CBA0C2215AED332003505BC /* popoverArrowDown.png in Resources */ = {isa = PBXBuildFile; fileRef = 3CBA0C1315AED332003505BC /* popoverArrowDown.png */; };
		3CBA0C2315AED332003505BC /* popoverArrowDown@2x.png in Resources */ = {isa = PBXBuildFile; fileRef = 3CBA0C1415AED332003505BC /* popoverArrowDown@2x.png */; };
		3CBA0C2415AED332003505BC /* popoverArrowDownSimple.png in Resources */ = {isa = PBXBuildFile; fileRef = 3CBA0C1515AED332003505BC /* popoverArrowDownSimple.png */; };
		3CBA0C2515AED332003505BC /* popoverArrowLeft.png in Resources */ = {isa = PBXBuildFile; fileRef = 3CBA0C1615AED332003505BC /* popoverArrowLeft.png */; };
		3CBA0C2615AED332003505BC /* popoverArrowLeft@2x.png in Resources */ = {isa = PBXBuildFile; fileRef = 3CBA0C1715AED332003505BC /* popoverArrowLeft@2x.png */; };
		3CBA0C2815AED332003505BC /* popoverArrowRight.png in Resources */ = {isa = PBXBuildFile; fileRef = 3CBA0C1915AED332003505BC /* popoverArrowRight.png */; };
		3CBA0C2915AED332003505BC /* popoverArrowRight@2x.png in Resources */ = {isa = PBXBuildFile; fileRef = 3CBA0C1A15AED332003505BC /* popoverArrowRight@2x.png */; };
		3CBA0C2A15AED332003505BC /* popoverArrowRightSimple.png in Resources */ = {isa = PBXBuildFile; fileRef = 3CBA0C1B15AED332003505BC /* popoverArrowRightSimple.png */; };
		3CBA0C2B15AED332003505BC /* popoverArrowUp.png in Resources */ = {isa = PBXBuildFile; fileRef = 3CBA0C1C15AED332003505BC /* popoverArrowUp.png */; };
		3CBA0C2C15AED332003505BC /* popoverArrowUp@2x.png in Resources */ = {isa = PBXBuildFile; fileRef = 3CBA0C1D15AED332003505BC /* popoverArrowUp@2x.png */; };
		3CBA0C2D15AED332003505BC /* popoverArrowUpSimple.png in Resources */ = {isa = PBXBuildFile; fileRef = 3CBA0C1E15AED332003505BC /* popoverArrowUpSimple.png */; };
		3CBA0C2E15AED332003505BC /* popoverBg.png in Resources */ = {isa = PBXBuildFile; fileRef = 3CBA0C1F15AED332003505BC /* popoverBg.png */; };
		3CBA0C2F15AED332003505BC /* popoverBg@2x.png in Resources */ = {isa = PBXBuildFile; fileRef = 3CBA0C2015AED332003505BC /* popoverBg@2x.png */; };
		3CBA0C3015AED332003505BC /* popoverBgSimple.png in Resources */ = {isa = PBXBuildFile; fileRef = 3CBA0C2115AED332003505BC /* popoverBgSimple.png */; };
		3CC1681015A2E52A00A2AB44 /* UIKit.framework in Frameworks */ = {isa = PBXBuildFile; fileRef = 3CC1680F15A2E52A00A2AB44 /* UIKit.framework */; };
		3CC1681215A2E52A00A2AB44 /* Foundation.framework in Frameworks */ = {isa = PBXBuildFile; fileRef = 3CC1681115A2E52A00A2AB44 /* Foundation.framework */; };
		3CC1681415A2E52A00A2AB44 /* CoreGraphics.framework in Frameworks */ = {isa = PBXBuildFile; fileRef = 3CC1681315A2E52A00A2AB44 /* CoreGraphics.framework */; };
		3CC1681615A2E52A00A2AB44 /* CoreData.framework in Frameworks */ = {isa = PBXBuildFile; fileRef = 3CC1681515A2E52A00A2AB44 /* CoreData.framework */; };
		3CC1681C15A2E52B00A2AB44 /* InfoPlist.strings in Resources */ = {isa = PBXBuildFile; fileRef = 3CC1681A15A2E52B00A2AB44 /* InfoPlist.strings */; };
		3CC1681E15A2E52B00A2AB44 /* main.m in Sources */ = {isa = PBXBuildFile; fileRef = 3CC1681D15A2E52B00A2AB44 /* main.m */; };
		3CC1682215A2E52B00A2AB44 /* AppDelegate.m in Sources */ = {isa = PBXBuildFile; fileRef = 3CC1682115A2E52B00A2AB44 /* AppDelegate.m */; };
		3CC1682515A2E52B00A2AB44 /* Basketballer.xcdatamodeld in Sources */ = {isa = PBXBuildFile; fileRef = 3CC1682315A2E52B00A2AB44 /* Basketballer.xcdatamodeld */; };
		3CC1683715A2E61A00A2AB44 /* MainWindow.xib in Resources */ = {isa = PBXBuildFile; fileRef = 3CC1683615A2E61A00A2AB44 /* MainWindow.xib */; };
		3CC1683C15A2E71400A2AB44 /* GameHistoriesViewController.m in Sources */ = {isa = PBXBuildFile; fileRef = 3CC1683A15A2E71400A2AB44 /* GameHistoriesViewController.m */; };
		3CC1683D15A2E71400A2AB44 /* GameHistoriesViewController.xib in Resources */ = {isa = PBXBuildFile; fileRef = 3CC1683B15A2E71400A2AB44 /* GameHistoriesViewController.xib */; };
		3CC1687E15A2F70E00A2AB44 /* PlayGameViewController.m in Sources */ = {isa = PBXBuildFile; fileRef = 3CC1687C15A2F70E00A2AB44 /* PlayGameViewController.m */; };
		3CC1687F15A2F70E00A2AB44 /* PlayGameViewController.xib in Resources */ = {isa = PBXBuildFile; fileRef = 3CC1687D15A2F70E00A2AB44 /* PlayGameViewController.xib */; };
		3CC9129F15B1C477003C74D4 /* TimeoutPromptViewController.m in Sources */ = {isa = PBXBuildFile; fileRef = 3CC9129D15B1C477003C74D4 /* TimeoutPromptViewController.m */; };
		3CC912A015B1C477003C74D4 /* TimeoutPromptViewController.xib in Resources */ = {isa = PBXBuildFile; fileRef = 3CC9129E15B1C477003C74D4 /* TimeoutPromptViewController.xib */; };
		3CCAE41615BD3E4F0030C302 /* LocationManager.m in Sources */ = {isa = PBXBuildFile; fileRef = 3CCAE41515BD3E4F0030C302 /* LocationManager.m */; };
		3CCAE41815BD4C900030C302 /* CoreLocation.framework in Frameworks */ = {isa = PBXBuildFile; fileRef = 3CCAE41715BD4C900030C302 /* CoreLocation.framework */; };
		3CCAE45915BE25790030C302 /* GameHistoriesMapViewController.m in Sources */ = {isa = PBXBuildFile; fileRef = 3CCAE45715BE25790030C302 /* GameHistoriesMapViewController.m */; };
		3CCAE45A15BE25790030C302 /* GameHistoriesMapViewController.xib in Resources */ = {isa = PBXBuildFile; fileRef = 3CCAE45815BE25790030C302 /* GameHistoriesMapViewController.xib */; };
		3CCAE46115BE3B440030C302 /* MapKit.framework in Frameworks */ = {isa = PBXBuildFile; fileRef = 3CCAE46015BE3B440030C302 /* MapKit.framework */; };
		3CCAE46315BE53E40030C302 /* badgeValueRed.png in Resources */ = {isa = PBXBuildFile; fileRef = 3CCAE46215BE53E40030C302 /* badgeValueRed.png */; };
		3CCAE4AF15BEF0600030C302 /* MapAnnotation.m in Sources */ = {isa = PBXBuildFile; fileRef = 3CCAE4AE15BEF0600030C302 /* MapAnnotation.m */; };
		3CCAE4F715BFE4400030C302 /* buttonCancelBackground.png in Resources */ = {isa = PBXBuildFile; fileRef = 3CCAE4F615BFE4400030C302 /* buttonCancelBackground.png */; };
		3CEDBF6715B63F37003EF7EF /* button_background.png in Resources */ = {isa = PBXBuildFile; fileRef = 3CEDBF6615B63F37003EF7EF /* button_background.png */; };
		3CFE1D1D15AC175E00247B80 /* StartGameViewController.m in Sources */ = {isa = PBXBuildFile; fileRef = 3CFE1D1B15AC175E00247B80 /* StartGameViewController.m */; };
		3CFE1D1E15AC175E00247B80 /* StartGameViewController.xib in Resources */ = {isa = PBXBuildFile; fileRef = 3CFE1D1C15AC175E00247B80 /* StartGameViewController.xib */; };
		3CFE1D2F15AC876A00247B80 /* EditTeamNameViewController.m in Sources */ = {isa = PBXBuildFile; fileRef = 3CFE1D2D15AC876900247B80 /* EditTeamNameViewController.m */; };
		3CFE1D3015AC876A00247B80 /* EditTeamNameViewController.xib in Resources */ = {isa = PBXBuildFile; fileRef = 3CFE1D2E15AC876A00247B80 /* EditTeamNameViewController.xib */; };
		E6275FBD15C0E69900FBE247 /* SurroundingsViewController.m in Sources */ = {isa = PBXBuildFile; fileRef = E6275FBB15C0E69900FBE247 /* SurroundingsViewController.m */; };
		E6275FBE15C0E69900FBE247 /* SurroundingsViewController.xib in Resources */ = {isa = PBXBuildFile; fileRef = E6275FBC15C0E69900FBE247 /* SurroundingsViewController.xib */; };
		E6275FC115C1256000FBE247 /* Basketball.png in Resources */ = {isa = PBXBuildFile; fileRef = E6275FBF15C1256000FBE247 /* Basketball.png */; };
		E6275FC215C1256000FBE247 /* Basketball@2x.png in Resources */ = {isa = PBXBuildFile; fileRef = E6275FC015C1256000FBE247 /* Basketball@2x.png */; };
		E65FF05315C455F300E96D6A /* TeamImageEditCell.xib in Resources */ = {isa = PBXBuildFile; fileRef = E65FF05215C455F200E96D6A /* TeamImageEditCell.xib */; };
		E65FF05A15C5057600E96D6A /* RulesViewController.m in Sources */ = {isa = PBXBuildFile; fileRef = E65FF05915C5057600E96D6A /* RulesViewController.m */; };
		E65FF05D15C6261F00E96D6A /* Feature.m in Sources */ = {isa = PBXBuildFile; fileRef = E65FF05C15C6261F00E96D6A /* Feature.m */; };
		E68D111315A2FAA40074982D /* GameSettingViewController.m in Sources */ = {isa = PBXBuildFile; fileRef = E68D111215A2FAA40074982D /* GameSettingViewController.m */; };
		E68D111E15A3DA0C0074982D /* GameSetting.m in Sources */ = {isa = PBXBuildFile; fileRef = E68D111D15A3DA0C0074982D /* GameSetting.m */; };
		E68D116215A4245A0074982D /* SingleChoiceViewController.m in Sources */ = {isa = PBXBuildFile; fileRef = E68D116115A4245A0074982D /* SingleChoiceViewController.m */; };
		E68D116815A53CE50074982D /* MatchManager.m in Sources */ = {isa = PBXBuildFile; fileRef = E68D116715A53CE50074982D /* MatchManager.m */; };
		E68D116F15A591AA0074982D /* MatchRecordCell.xib in Resources */ = {isa = PBXBuildFile; fileRef = E68D116E15A591AA0074982D /* MatchRecordCell.xib */; };
		E68D117115A59DA20074982D /* DefaultTeamProfile.png in Resources */ = {isa = PBXBuildFile; fileRef = E68D117015A59DA20074982D /* DefaultTeamProfile.png */; };
		E68D117A15A5F2910074982D /* GameDetailsViewController.m in Sources */ = {isa = PBXBuildFile; fileRef = E68D117815A5F2900074982D /* GameDetailsViewController.m */; };
		E68D117B15A5F2910074982D /* GameDetailsViewController.xib in Resources */ = {isa = PBXBuildFile; fileRef = E68D117915A5F2900074982D /* GameDetailsViewController.xib */; };
		E68D118515A684B30074982D /* MatchPartSummaryCell.xib in Resources */ = {isa = PBXBuildFile; fileRef = E68D118415A684B30074982D /* MatchPartSummaryCell.xib */; };
		E68D118815A68D090074982D /* MatchActionFilterCell.xib in Resources */ = {isa = PBXBuildFile; fileRef = E68D118715A68D090074982D /* MatchActionFilterCell.xib */; };
		E68D118A15A696B60074982D /* DefaultTeamProfile@2x.png in Resources */ = {isa = PBXBuildFile; fileRef = E68D118915A696B60074982D /* DefaultTeamProfile@2x.png */; };
		E68D119315A6C7460074982D /* Action.m in Sources */ = {isa = PBXBuildFile; fileRef = E68D119215A6C7460074982D /* Action.m */; };
		E69255F215B3EA7500CBF606 /* TeamStatistics.m in Sources */ = {isa = PBXBuildFile; fileRef = E69255F115B3EA7500CBF606 /* TeamStatistics.m */; };
		E69255FE15B551EA00CBF606 /* Team.m in Sources */ = {isa = PBXBuildFile; fileRef = E69255FD15B551EA00CBF606 /* Team.m */; };
		E6BECB1415BB07E700AABC38 /* Empty.xib in Resources */ = {isa = PBXBuildFile; fileRef = E6BECB1315BB07E700AABC38 /* Empty.xib */; };
		E6BECB1815BB102700AABC38 /* BadgeCount.png in Resources */ = {isa = PBXBuildFile; fileRef = E6BECB1715BB102700AABC38 /* BadgeCount.png */; };
		E6BECB1A15BB11D300AABC38 /* red_button.png in Resources */ = {isa = PBXBuildFile; fileRef = E6BECB1915BB11D300AABC38 /* red_button.png */; };
		E6BECB1C15BB128D00AABC38 /* green_button.png in Resources */ = {isa = PBXBuildFile; fileRef = E6BECB1B15BB128D00AABC38 /* green_button.png */; };
		E6BECB1E15BB133D00AABC38 /* blue_button.png in Resources */ = {isa = PBXBuildFile; fileRef = E6BECB1D15BB133D00AABC38 /* blue_button.png */; };
		E6BECB2015BB18BA00AABC38 /* badgeValueBlue@2x.png in Resources */ = {isa = PBXBuildFile; fileRef = E6BECB1F15BB18BA00AABC38 /* badgeValueBlue@2x.png */; };
		E6BECB2215BB1F3900AABC38 /* puppy-dog.jpg in Resources */ = {isa = PBXBuildFile; fileRef = E6BECB2115BB1F3900AABC38 /* puppy-dog.jpg */; };
		E6CEFCC115B90A6500324713 /* ConfiguratorViewController.m in Sources */ = {isa = PBXBuildFile; fileRef = E6CEFCC015B90A6400324713 /* ConfiguratorViewController.m */; };
		E6CEFCED15B9597900324713 /* TabBarHistory.png in Resources */ = {isa = PBXBuildFile; fileRef = E6CEFCE715B9597900324713 /* TabBarHistory.png */; };
		E6CEFCEE15B9597900324713 /* TabBarHistory@2x.png in Resources */ = {isa = PBXBuildFile; fileRef = E6CEFCE815B9597900324713 /* TabBarHistory@2x.png */; };
		E6CEFCEF15B9597900324713 /* TabBarSetting.png in Resources */ = {isa = PBXBuildFile; fileRef = E6CEFCE915B9597900324713 /* TabBarSetting.png */; };
		E6CEFCF015B9597900324713 /* TabBarSetting@2x.png in Resources */ = {isa = PBXBuildFile; fileRef = E6CEFCEA15B9597900324713 /* TabBarSetting@2x.png */; };
		E6CEFCF115B9597900324713 /* TabBarTeam.png in Resources */ = {isa = PBXBuildFile; fileRef = E6CEFCEB15B9597900324713 /* TabBarTeam.png */; };
		E6CEFCF215B9597900324713 /* TabBarTeam@2x.png in Resources */ = {isa = PBXBuildFile; fileRef = E6CEFCEC15B9597900324713 /* TabBarTeam@2x.png */; };
		E6E1D94D15AA87F800CB0C0E /* ActionManager.m in Sources */ = {isa = PBXBuildFile; fileRef = E6E1D94C15AA87F800CB0C0E /* ActionManager.m */; };
		E6E1D95615AB183500CB0C0E /* TeamManager.m in Sources */ = {isa = PBXBuildFile; fileRef = E6E1D95515AB183500CB0C0E /* TeamManager.m */; };
		E6E1D95915AB1E1A00CB0C0E /* BaseManager.m in Sources */ = {isa = PBXBuildFile; fileRef = E6E1D95815AB1E1A00CB0C0E /* BaseManager.m */; };
		E6E1D97715AED57700CB0C0E /* TeamRecordCell.xib in Resources */ = {isa = PBXBuildFile; fileRef = E6E1D97615AED57700CB0C0E /* TeamRecordCell.xib */; };
		E6E1D98415B01EC800CB0C0E /* Add@2x.png in Resources */ = {isa = PBXBuildFile; fileRef = E6E1D98215B01EC800CB0C0E /* Add@2x.png */; };
		E6E1D98615B01F6900CB0C0E /* Add.png in Resources */ = {isa = PBXBuildFile; fileRef = E6E1D98515B01F6900CB0C0E /* Add.png */; };
		E6E9691B15BE40050073C5B8 /* Match.m in Sources */ = {isa = PBXBuildFile; fileRef = E6E9691A15BE40050073C5B8 /* Match.m */; };
		E6E9692315BFDEEA0073C5B8 /* StartMatchCell.xib in Resources */ = {isa = PBXBuildFile; fileRef = E6E9692215BFDEE90073C5B8 /* StartMatchCell.xib */; };
/* End PBXBuildFile section */

/* Begin PBXFileReference section */
		3C06B17715C24EF50009C909 /* matchPause.png */ = {isa = PBXFileReference; lastKnownFileType = image.png; path = matchPause.png; sourceTree = "<group>"; };
		3C121F5C15A3D58A0062BECD /* OperateGameViewController.h */ = {isa = PBXFileReference; fileEncoding = 4; lastKnownFileType = sourcecode.c.h; path = OperateGameViewController.h; sourceTree = "<group>"; };
		3C121F5D15A3D58A0062BECD /* OperateGameViewController.m */ = {isa = PBXFileReference; fileEncoding = 4; lastKnownFileType = sourcecode.c.objc; path = OperateGameViewController.m; sourceTree = "<group>"; };
		3C121F5E15A3D58A0062BECD /* OperateGameViewController.xib */ = {isa = PBXFileReference; fileEncoding = 4; lastKnownFileType = file.xib; path = OperateGameViewController.xib; sourceTree = "<group>"; };
		3C121F6215A3E9C00062BECD /* EditTeamInfoViewController.h */ = {isa = PBXFileReference; fileEncoding = 4; lastKnownFileType = sourcecode.c.h; path = EditTeamInfoViewController.h; sourceTree = "<group>"; };
		3C121F6315A3E9C00062BECD /* EditTeamInfoViewController.m */ = {isa = PBXFileReference; fileEncoding = 4; lastKnownFileType = sourcecode.c.objc; path = EditTeamInfoViewController.m; sourceTree = "<group>"; };
		3C121F6415A3E9C00062BECD /* EditTeamInfoViewController.xib */ = {isa = PBXFileReference; fileEncoding = 4; lastKnownFileType = file.xib; path = EditTeamInfoViewController.xib; sourceTree = "<group>"; };
		3C121F7A15A43DC30062BECD /* define.h */ = {isa = PBXFileReference; lastKnownFileType = sourcecode.c.h; path = define.h; sourceTree = "<group>"; };
		3C121FE015A6708A0062BECD /* pause.png */ = {isa = PBXFileReference; lastKnownFileType = image.png; name = pause.png; path = Resources/images/pause.png; sourceTree = "<group>"; };
		3C121FE115A6708A0062BECD /* pause@2x.png */ = {isa = PBXFileReference; lastKnownFileType = image.png; name = "pause@2x.png"; path = "Resources/images/pause@2x.png"; sourceTree = "<group>"; };
		3C121FE215A6708A0062BECD /* play.png */ = {isa = PBXFileReference; lastKnownFileType = image.png; name = play.png; path = Resources/images/play.png; sourceTree = "<group>"; };
		3C121FE315A6708A0062BECD /* play@2x.png */ = {isa = PBXFileReference; lastKnownFileType = image.png; name = "play@2x.png"; path = "Resources/images/play@2x.png"; sourceTree = "<group>"; };
		3C121FEA15A673460062BECD /* stop.png */ = {isa = PBXFileReference; lastKnownFileType = image.png; name = stop.png; path = Resources/images/stop.png; sourceTree = "<group>"; };
		3C121FEB15A673460062BECD /* stop@2x.png */ = {isa = PBXFileReference; lastKnownFileType = image.png; name = "stop@2x.png"; path = "Resources/images/stop@2x.png"; sourceTree = "<group>"; };
		3C12203115A6D9DA0062BECD /* sendmsg.caf */ = {isa = PBXFileReference; lastKnownFileType = file; name = sendmsg.caf; path = Resources/music/sendmsg.caf; sourceTree = "<group>"; };
		3C13E49615C192A900F4307C /* TimeStopPromptView.h */ = {isa = PBXFileReference; fileEncoding = 4; lastKnownFileType = sourcecode.c.h; path = TimeStopPromptView.h; sourceTree = "<group>"; };
		3C13E49715C192A900F4307C /* TimeStopPromptView.m */ = {isa = PBXFileReference; fileEncoding = 4; lastKnownFileType = sourcecode.c.objc; path = TimeStopPromptView.m; sourceTree = "<group>"; };
		3C13E49A15C192DB00F4307C /* TimeStopPromptView.xib */ = {isa = PBXFileReference; fileEncoding = 4; lastKnownFileType = file.xib; path = TimeStopPromptView.xib; sourceTree = "<group>"; };
		3C13E49C15C1939500F4307C /* timeStop.png */ = {isa = PBXFileReference; lastKnownFileType = image.png; name = timeStop.png; path = Resources/images/timeStop.png; sourceTree = "<group>"; };
		3C2B1B3115C68F3400BAB6BE /* StartMatchView.h */ = {isa = PBXFileReference; fileEncoding = 4; lastKnownFileType = sourcecode.c.h; path = StartMatchView.h; sourceTree = "<group>"; };
		3C2B1B3215C68F3400BAB6BE /* StartMatchView.m */ = {isa = PBXFileReference; fileEncoding = 4; lastKnownFileType = sourcecode.c.objc; path = StartMatchView.m; sourceTree = "<group>"; };
		3C2B1B3715C68FF700BAB6BE /* StartMatchView.xib */ = {isa = PBXFileReference; fileEncoding = 4; lastKnownFileType = file.xib; path = StartMatchView.xib; sourceTree = "<group>"; };
		3C2B1B3915C699C700BAB6BE /* buttonPlayBlue.png */ = {isa = PBXFileReference; lastKnownFileType = image.png; name = buttonPlayBlue.png; path = Resources/images/buttonPlayBlue.png; sourceTree = "<group>"; };
		3C42823A15B7B1B500903F9D /* buttonBackground.png */ = {isa = PBXFileReference; lastKnownFileType = image.png; name = buttonBackground.png; path = Resources/images/buttonBackground.png; sourceTree = "<group>"; };
		3C42824015B7C32200903F9D /* MatchModeCell.xib */ = {isa = PBXFileReference; fileEncoding = 4; lastKnownFileType = file.xib; path = MatchModeCell.xib; sourceTree = "<group>"; };
		3C42824215B8E00C00903F9D /* PopoverContentCell.xib */ = {isa = PBXFileReference; fileEncoding = 4; lastKnownFileType = file.xib; path = PopoverContentCell.xib; sourceTree = "<group>"; };
		3C82955415B3AF6400A5E7E7 /* ActionRecordCell.xib */ = {isa = PBXFileReference; fileEncoding = 4; lastKnownFileType = file.xib; path = ActionRecordCell.xib; sourceTree = "<group>"; };
		3C82955715B3B2A300A5E7E7 /* ActionRecordViewController.h */ = {isa = PBXFileReference; fileEncoding = 4; lastKnownFileType = sourcecode.c.h; path = ActionRecordViewController.h; sourceTree = "<group>"; };
		3C82955815B3B2A300A5E7E7 /* ActionRecordViewController.m */ = {isa = PBXFileReference; fileEncoding = 4; lastKnownFileType = sourcecode.c.objc; path = ActionRecordViewController.m; sourceTree = "<group>"; };
		3C82955915B3B2A300A5E7E7 /* ActionRecordViewController.xib */ = {isa = PBXFileReference; fileEncoding = 4; lastKnownFileType = file.xib; path = ActionRecordViewController.xib; sourceTree = "<group>"; };
		3C82956015B3EE7800A5E7E7 /* AudioToolbox.framework */ = {isa = PBXFileReference; lastKnownFileType = wrapper.framework; name = AudioToolbox.framework; path = System/Library/Frameworks/AudioToolbox.framework; sourceTree = SDKROOT; };
		3CBA0BF815AE7726003505BC /* TeamChoiceViewController.h */ = {isa = PBXFileReference; fileEncoding = 4; lastKnownFileType = sourcecode.c.h; path = TeamChoiceViewController.h; sourceTree = "<group>"; };
		3CBA0BF915AE7726003505BC /* TeamChoiceViewController.m */ = {isa = PBXFileReference; fileEncoding = 4; lastKnownFileType = sourcecode.c.objc; path = TeamChoiceViewController.m; sourceTree = "<group>"; };
		3CBA0BFA15AE7726003505BC /* TeamChoiceViewController.xib */ = {isa = PBXFileReference; fileEncoding = 4; lastKnownFileType = file.xib; path = TeamChoiceViewController.xib; sourceTree = "<group>"; };
		3CBA0C0315AECD2E003505BC /* UIBarButtonItem+WEPopover.h */ = {isa = PBXFileReference; fileEncoding = 4; lastKnownFileType = sourcecode.c.h; name = "UIBarButtonItem+WEPopover.h"; path = "Popover/UIBarButtonItem+WEPopover.h"; sourceTree = "<group>"; };
		3CBA0C0415AECD2E003505BC /* UIBarButtonItem+WEPopover.m */ = {isa = PBXFileReference; fileEncoding = 4; lastKnownFileType = sourcecode.c.objc; name = "UIBarButtonItem+WEPopover.m"; path = "Popover/UIBarButtonItem+WEPopover.m"; sourceTree = "<group>"; };
		3CBA0C0515AECD2E003505BC /* WEPopoverContainerView.h */ = {isa = PBXFileReference; fileEncoding = 4; lastKnownFileType = sourcecode.c.h; name = WEPopoverContainerView.h; path = Popover/WEPopoverContainerView.h; sourceTree = "<group>"; };
		3CBA0C0615AECD2E003505BC /* WEPopoverContainerView.m */ = {isa = PBXFileReference; fileEncoding = 4; lastKnownFileType = sourcecode.c.objc; name = WEPopoverContainerView.m; path = Popover/WEPopoverContainerView.m; sourceTree = "<group>"; };
		3CBA0C0715AECD2E003505BC /* WEPopoverController.h */ = {isa = PBXFileReference; fileEncoding = 4; lastKnownFileType = sourcecode.c.h; name = WEPopoverController.h; path = Popover/WEPopoverController.h; sourceTree = "<group>"; };
		3CBA0C0815AECD2E003505BC /* WEPopoverController.m */ = {isa = PBXFileReference; fileEncoding = 4; lastKnownFileType = sourcecode.c.objc; name = WEPopoverController.m; path = Popover/WEPopoverController.m; sourceTree = "<group>"; };
		3CBA0C0915AECD2E003505BC /* WEPopoverParentView.h */ = {isa = PBXFileReference; fileEncoding = 4; lastKnownFileType = sourcecode.c.h; name = WEPopoverParentView.h; path = Popover/WEPopoverParentView.h; sourceTree = "<group>"; };
		3CBA0C0A15AECD2E003505BC /* WETouchableView.h */ = {isa = PBXFileReference; fileEncoding = 4; lastKnownFileType = sourcecode.c.h; name = WETouchableView.h; path = Popover/WETouchableView.h; sourceTree = "<group>"; };
		3CBA0C0B15AECD2E003505BC /* WETouchableView.m */ = {isa = PBXFileReference; fileEncoding = 4; lastKnownFileType = sourcecode.c.objc; name = WETouchableView.m; path = Popover/WETouchableView.m; sourceTree = "<group>"; };
		3CBA0C1015AECD4A003505BC /* WEPopoverContentViewController.h */ = {isa = PBXFileReference; fileEncoding = 4; lastKnownFileType = sourcecode.c.h; path = WEPopoverContentViewController.h; sourceTree = "<group>"; };
		3CBA0C1115AECD4B003505BC /* WEPopoverContentViewController.m */ = {isa = PBXFileReference; fileEncoding = 4; lastKnownFileType = sourcecode.c.objc; path = WEPopoverContentViewController.m; sourceTree = "<group>"; };
		3CBA0C1315AED332003505BC /* popoverArrowDown.png */ = {isa = PBXFileReference; lastKnownFileType = image.png; name = popoverArrowDown.png; path = Resources/images/popoverArrowDown.png; sourceTree = "<group>"; };
		3CBA0C1415AED332003505BC /* popoverArrowDown@2x.png */ = {isa = PBXFileReference; lastKnownFileType = image.png; name = "popoverArrowDown@2x.png"; path = "Resources/images/popoverArrowDown@2x.png"; sourceTree = "<group>"; };
		3CBA0C1515AED332003505BC /* popoverArrowDownSimple.png */ = {isa = PBXFileReference; lastKnownFileType = image.png; name = popoverArrowDownSimple.png; path = Resources/images/popoverArrowDownSimple.png; sourceTree = "<group>"; };
		3CBA0C1615AED332003505BC /* popoverArrowLeft.png */ = {isa = PBXFileReference; lastKnownFileType = image.png; name = popoverArrowLeft.png; path = Resources/images/popoverArrowLeft.png; sourceTree = "<group>"; };
		3CBA0C1715AED332003505BC /* popoverArrowLeft@2x.png */ = {isa = PBXFileReference; lastKnownFileType = image.png; name = "popoverArrowLeft@2x.png"; path = "Resources/images/popoverArrowLeft@2x.png"; sourceTree = "<group>"; };
		3CBA0C1815AED332003505BC /* popoverArrowLeftSimple.png */ = {isa = PBXFileReference; lastKnownFileType = image.png; name = popoverArrowLeftSimple.png; path = Resources/images/popoverArrowLeftSimple.png; sourceTree = "<group>"; };
		3CBA0C1915AED332003505BC /* popoverArrowRight.png */ = {isa = PBXFileReference; lastKnownFileType = image.png; name = popoverArrowRight.png; path = Resources/images/popoverArrowRight.png; sourceTree = "<group>"; };
		3CBA0C1A15AED332003505BC /* popoverArrowRight@2x.png */ = {isa = PBXFileReference; lastKnownFileType = image.png; name = "popoverArrowRight@2x.png"; path = "Resources/images/popoverArrowRight@2x.png"; sourceTree = "<group>"; };
		3CBA0C1B15AED332003505BC /* popoverArrowRightSimple.png */ = {isa = PBXFileReference; lastKnownFileType = image.png; name = popoverArrowRightSimple.png; path = Resources/images/popoverArrowRightSimple.png; sourceTree = "<group>"; };
		3CBA0C1C15AED332003505BC /* popoverArrowUp.png */ = {isa = PBXFileReference; lastKnownFileType = image.png; name = popoverArrowUp.png; path = Resources/images/popoverArrowUp.png; sourceTree = "<group>"; };
		3CBA0C1D15AED332003505BC /* popoverArrowUp@2x.png */ = {isa = PBXFileReference; lastKnownFileType = image.png; name = "popoverArrowUp@2x.png"; path = "Resources/images/popoverArrowUp@2x.png"; sourceTree = "<group>"; };
		3CBA0C1E15AED332003505BC /* popoverArrowUpSimple.png */ = {isa = PBXFileReference; lastKnownFileType = image.png; name = popoverArrowUpSimple.png; path = Resources/images/popoverArrowUpSimple.png; sourceTree = "<group>"; };
		3CBA0C1F15AED332003505BC /* popoverBg.png */ = {isa = PBXFileReference; lastKnownFileType = image.png; name = popoverBg.png; path = Resources/images/popoverBg.png; sourceTree = "<group>"; };
		3CBA0C2015AED332003505BC /* popoverBg@2x.png */ = {isa = PBXFileReference; lastKnownFileType = image.png; name = "popoverBg@2x.png"; path = "Resources/images/popoverBg@2x.png"; sourceTree = "<group>"; };
		3CBA0C2115AED332003505BC /* popoverBgSimple.png */ = {isa = PBXFileReference; lastKnownFileType = image.png; name = popoverBgSimple.png; path = Resources/images/popoverBgSimple.png; sourceTree = "<group>"; };
		3CC1680B15A2E52A00A2AB44 /* Basketballer.app */ = {isa = PBXFileReference; explicitFileType = wrapper.application; includeInIndex = 0; path = Basketballer.app; sourceTree = BUILT_PRODUCTS_DIR; };
		3CC1680F15A2E52A00A2AB44 /* UIKit.framework */ = {isa = PBXFileReference; lastKnownFileType = wrapper.framework; name = UIKit.framework; path = System/Library/Frameworks/UIKit.framework; sourceTree = SDKROOT; };
		3CC1681115A2E52A00A2AB44 /* Foundation.framework */ = {isa = PBXFileReference; lastKnownFileType = wrapper.framework; name = Foundation.framework; path = System/Library/Frameworks/Foundation.framework; sourceTree = SDKROOT; };
		3CC1681315A2E52A00A2AB44 /* CoreGraphics.framework */ = {isa = PBXFileReference; lastKnownFileType = wrapper.framework; name = CoreGraphics.framework; path = System/Library/Frameworks/CoreGraphics.framework; sourceTree = SDKROOT; };
		3CC1681515A2E52A00A2AB44 /* CoreData.framework */ = {isa = PBXFileReference; lastKnownFileType = wrapper.framework; name = CoreData.framework; path = System/Library/Frameworks/CoreData.framework; sourceTree = SDKROOT; };
		3CC1681915A2E52B00A2AB44 /* Basketballer-Info.plist */ = {isa = PBXFileReference; lastKnownFileType = text.plist.xml; path = "Basketballer-Info.plist"; sourceTree = "<group>"; };
		3CC1681B15A2E52B00A2AB44 /* en */ = {isa = PBXFileReference; lastKnownFileType = text.plist.strings; name = en; path = en.lproj/InfoPlist.strings; sourceTree = "<group>"; };
		3CC1681D15A2E52B00A2AB44 /* main.m */ = {isa = PBXFileReference; lastKnownFileType = sourcecode.c.objc; path = main.m; sourceTree = "<group>"; };
		3CC1681F15A2E52B00A2AB44 /* Basketballer-Prefix.pch */ = {isa = PBXFileReference; lastKnownFileType = sourcecode.c.h; path = "Basketballer-Prefix.pch"; sourceTree = "<group>"; };
		3CC1682015A2E52B00A2AB44 /* AppDelegate.h */ = {isa = PBXFileReference; lastKnownFileType = sourcecode.c.h; path = AppDelegate.h; sourceTree = "<group>"; };
		3CC1682115A2E52B00A2AB44 /* AppDelegate.m */ = {isa = PBXFileReference; lastKnownFileType = sourcecode.c.objc; path = AppDelegate.m; sourceTree = "<group>"; };
		3CC1682415A2E52B00A2AB44 /* Basketballer.xcdatamodel */ = {isa = PBXFileReference; lastKnownFileType = wrapper.xcdatamodel; path = Basketballer.xcdatamodel; sourceTree = "<group>"; };
		3CC1683615A2E61A00A2AB44 /* MainWindow.xib */ = {isa = PBXFileReference; fileEncoding = 4; lastKnownFileType = file.xib; path = MainWindow.xib; sourceTree = "<group>"; };
		3CC1683915A2E71400A2AB44 /* GameHistoriesViewController.h */ = {isa = PBXFileReference; fileEncoding = 4; lastKnownFileType = sourcecode.c.h; path = GameHistoriesViewController.h; sourceTree = "<group>"; };
		3CC1683A15A2E71400A2AB44 /* GameHistoriesViewController.m */ = {isa = PBXFileReference; fileEncoding = 4; lastKnownFileType = sourcecode.c.objc; path = GameHistoriesViewController.m; sourceTree = "<group>"; };
		3CC1683B15A2E71400A2AB44 /* GameHistoriesViewController.xib */ = {isa = PBXFileReference; fileEncoding = 4; lastKnownFileType = file.xib; path = GameHistoriesViewController.xib; sourceTree = "<group>"; };
		3CC1687B15A2F70E00A2AB44 /* PlayGameViewController.h */ = {isa = PBXFileReference; fileEncoding = 4; lastKnownFileType = sourcecode.c.h; path = PlayGameViewController.h; sourceTree = "<group>"; };
		3CC1687C15A2F70E00A2AB44 /* PlayGameViewController.m */ = {isa = PBXFileReference; fileEncoding = 4; lastKnownFileType = sourcecode.c.objc; path = PlayGameViewController.m; sourceTree = "<group>"; };
		3CC1687D15A2F70E00A2AB44 /* PlayGameViewController.xib */ = {isa = PBXFileReference; fileEncoding = 4; lastKnownFileType = file.xib; path = PlayGameViewController.xib; sourceTree = "<group>"; };
		3CC9129C15B1C477003C74D4 /* TimeoutPromptViewController.h */ = {isa = PBXFileReference; fileEncoding = 4; lastKnownFileType = sourcecode.c.h; path = TimeoutPromptViewController.h; sourceTree = "<group>"; };
		3CC9129D15B1C477003C74D4 /* TimeoutPromptViewController.m */ = {isa = PBXFileReference; fileEncoding = 4; lastKnownFileType = sourcecode.c.objc; path = TimeoutPromptViewController.m; sourceTree = "<group>"; };
		3CC9129E15B1C477003C74D4 /* TimeoutPromptViewController.xib */ = {isa = PBXFileReference; fileEncoding = 4; lastKnownFileType = file.xib; path = TimeoutPromptViewController.xib; sourceTree = "<group>"; };
		3CCAE41415BD3E4F0030C302 /* LocationManager.h */ = {isa = PBXFileReference; fileEncoding = 4; lastKnownFileType = sourcecode.c.h; path = LocationManager.h; sourceTree = "<group>"; };
		3CCAE41515BD3E4F0030C302 /* LocationManager.m */ = {isa = PBXFileReference; fileEncoding = 4; lastKnownFileType = sourcecode.c.objc; path = LocationManager.m; sourceTree = "<group>"; };
		3CCAE41715BD4C900030C302 /* CoreLocation.framework */ = {isa = PBXFileReference; lastKnownFileType = wrapper.framework; name = CoreLocation.framework; path = System/Library/Frameworks/CoreLocation.framework; sourceTree = SDKROOT; };
		3CCAE45615BE25790030C302 /* GameHistoriesMapViewController.h */ = {isa = PBXFileReference; fileEncoding = 4; lastKnownFileType = sourcecode.c.h; path = GameHistoriesMapViewController.h; sourceTree = "<group>"; };
		3CCAE45715BE25790030C302 /* GameHistoriesMapViewController.m */ = {isa = PBXFileReference; fileEncoding = 4; lastKnownFileType = sourcecode.c.objc; path = GameHistoriesMapViewController.m; sourceTree = "<group>"; };
		3CCAE45815BE25790030C302 /* GameHistoriesMapViewController.xib */ = {isa = PBXFileReference; fileEncoding = 4; lastKnownFileType = file.xib; path = GameHistoriesMapViewController.xib; sourceTree = "<group>"; };
		3CCAE46015BE3B440030C302 /* MapKit.framework */ = {isa = PBXFileReference; lastKnownFileType = wrapper.framework; name = MapKit.framework; path = System/Library/Frameworks/MapKit.framework; sourceTree = SDKROOT; };
		3CCAE46215BE53E40030C302 /* badgeValueRed.png */ = {isa = PBXFileReference; lastKnownFileType = image.png; path = badgeValueRed.png; sourceTree = "<group>"; };
		3CCAE4AD15BEF0600030C302 /* MapAnnotation.h */ = {isa = PBXFileReference; fileEncoding = 4; lastKnownFileType = sourcecode.c.h; path = MapAnnotation.h; sourceTree = "<group>"; };
		3CCAE4AE15BEF0600030C302 /* MapAnnotation.m */ = {isa = PBXFileReference; fileEncoding = 4; lastKnownFileType = sourcecode.c.objc; path = MapAnnotation.m; sourceTree = "<group>"; };
		3CCAE4F615BFE4400030C302 /* buttonCancelBackground.png */ = {isa = PBXFileReference; lastKnownFileType = image.png; name = buttonCancelBackground.png; path = Resources/images/buttonCancelBackground.png; sourceTree = "<group>"; };
		3CEDBF6615B63F37003EF7EF /* button_background.png */ = {isa = PBXFileReference; lastKnownFileType = image.png; name = button_background.png; path = Resources/images/button_background.png; sourceTree = "<group>"; };
		3CFE1D1A15AC175E00247B80 /* StartGameViewController.h */ = {isa = PBXFileReference; fileEncoding = 4; lastKnownFileType = sourcecode.c.h; path = StartGameViewController.h; sourceTree = "<group>"; };
		3CFE1D1B15AC175E00247B80 /* StartGameViewController.m */ = {isa = PBXFileReference; fileEncoding = 4; lastKnownFileType = sourcecode.c.objc; path = StartGameViewController.m; sourceTree = "<group>"; };
		3CFE1D1C15AC175E00247B80 /* StartGameViewController.xib */ = {isa = PBXFileReference; fileEncoding = 4; lastKnownFileType = file.xib; path = StartGameViewController.xib; sourceTree = "<group>"; };
		3CFE1D2C15AC876900247B80 /* EditTeamNameViewController.h */ = {isa = PBXFileReference; fileEncoding = 4; lastKnownFileType = sourcecode.c.h; path = EditTeamNameViewController.h; sourceTree = "<group>"; };
		3CFE1D2D15AC876900247B80 /* EditTeamNameViewController.m */ = {isa = PBXFileReference; fileEncoding = 4; lastKnownFileType = sourcecode.c.objc; path = EditTeamNameViewController.m; sourceTree = "<group>"; };
		3CFE1D2E15AC876A00247B80 /* EditTeamNameViewController.xib */ = {isa = PBXFileReference; fileEncoding = 4; lastKnownFileType = file.xib; path = EditTeamNameViewController.xib; sourceTree = "<group>"; };
		E6275FBA15C0E69900FBE247 /* SurroundingsViewController.h */ = {isa = PBXFileReference; fileEncoding = 4; lastKnownFileType = sourcecode.c.h; path = SurroundingsViewController.h; sourceTree = "<group>"; };
		E6275FBB15C0E69900FBE247 /* SurroundingsViewController.m */ = {isa = PBXFileReference; fileEncoding = 4; lastKnownFileType = sourcecode.c.objc; path = SurroundingsViewController.m; sourceTree = "<group>"; };
		E6275FBC15C0E69900FBE247 /* SurroundingsViewController.xib */ = {isa = PBXFileReference; fileEncoding = 4; lastKnownFileType = file.xib; path = SurroundingsViewController.xib; sourceTree = "<group>"; };
		E6275FBF15C1256000FBE247 /* Basketball.png */ = {isa = PBXFileReference; lastKnownFileType = image.png; path = Basketball.png; sourceTree = "<group>"; };
		E6275FC015C1256000FBE247 /* Basketball@2x.png */ = {isa = PBXFileReference; lastKnownFileType = image.png; path = "Basketball@2x.png"; sourceTree = "<group>"; };
		E65FF05215C455F200E96D6A /* TeamImageEditCell.xib */ = {isa = PBXFileReference; fileEncoding = 4; lastKnownFileType = file.xib; path = TeamImageEditCell.xib; sourceTree = "<group>"; };
		E65FF05815C5057500E96D6A /* RulesViewController.h */ = {isa = PBXFileReference; fileEncoding = 4; lastKnownFileType = sourcecode.c.h; path = RulesViewController.h; sourceTree = "<group>"; };
		E65FF05915C5057600E96D6A /* RulesViewController.m */ = {isa = PBXFileReference; fileEncoding = 4; lastKnownFileType = sourcecode.c.objc; path = RulesViewController.m; sourceTree = "<group>"; };
		E65FF05B15C6261F00E96D6A /* Feature.h */ = {isa = PBXFileReference; fileEncoding = 4; lastKnownFileType = sourcecode.c.h; path = Feature.h; sourceTree = "<group>"; };
		E65FF05C15C6261F00E96D6A /* Feature.m */ = {isa = PBXFileReference; fileEncoding = 4; lastKnownFileType = sourcecode.c.objc; path = Feature.m; sourceTree = "<group>"; };
		E68D111115A2FAA30074982D /* GameSettingViewController.h */ = {isa = PBXFileReference; fileEncoding = 4; lastKnownFileType = sourcecode.c.h; path = GameSettingViewController.h; sourceTree = "<group>"; };
		E68D111215A2FAA40074982D /* GameSettingViewController.m */ = {isa = PBXFileReference; fileEncoding = 4; lastKnownFileType = sourcecode.c.objc; path = GameSettingViewController.m; sourceTree = "<group>"; };
		E68D111C15A3DA0C0074982D /* GameSetting.h */ = {isa = PBXFileReference; fileEncoding = 4; lastKnownFileType = sourcecode.c.h; path = GameSetting.h; sourceTree = "<group>"; };
		E68D111D15A3DA0C0074982D /* GameSetting.m */ = {isa = PBXFileReference; fileEncoding = 4; lastKnownFileType = sourcecode.c.objc; path = GameSetting.m; sourceTree = "<group>"; };
		E68D116015A4245A0074982D /* SingleChoiceViewController.h */ = {isa = PBXFileReference; fileEncoding = 4; lastKnownFileType = sourcecode.c.h; path = SingleChoiceViewController.h; sourceTree = "<group>"; };
		E68D116115A4245A0074982D /* SingleChoiceViewController.m */ = {isa = PBXFileReference; fileEncoding = 4; lastKnownFileType = sourcecode.c.objc; path = SingleChoiceViewController.m; sourceTree = "<group>"; };
		E68D116615A53CE40074982D /* MatchManager.h */ = {isa = PBXFileReference; fileEncoding = 4; lastKnownFileType = sourcecode.c.h; path = MatchManager.h; sourceTree = "<group>"; };
		E68D116715A53CE50074982D /* MatchManager.m */ = {isa = PBXFileReference; fileEncoding = 4; lastKnownFileType = sourcecode.c.objc; path = MatchManager.m; sourceTree = "<group>"; };
		E68D116E15A591AA0074982D /* MatchRecordCell.xib */ = {isa = PBXFileReference; fileEncoding = 4; lastKnownFileType = file.xib; path = MatchRecordCell.xib; sourceTree = "<group>"; };
		E68D117015A59DA20074982D /* DefaultTeamProfile.png */ = {isa = PBXFileReference; lastKnownFileType = image.png; path = DefaultTeamProfile.png; sourceTree = "<group>"; };
		E68D117715A5F28F0074982D /* GameDetailsViewController.h */ = {isa = PBXFileReference; fileEncoding = 4; lastKnownFileType = sourcecode.c.h; path = GameDetailsViewController.h; sourceTree = "<group>"; };
		E68D117815A5F2900074982D /* GameDetailsViewController.m */ = {isa = PBXFileReference; fileEncoding = 4; lastKnownFileType = sourcecode.c.objc; path = GameDetailsViewController.m; sourceTree = "<group>"; };
		E68D117915A5F2900074982D /* GameDetailsViewController.xib */ = {isa = PBXFileReference; fileEncoding = 4; lastKnownFileType = file.xib; path = GameDetailsViewController.xib; sourceTree = "<group>"; };
		E68D118415A684B30074982D /* MatchPartSummaryCell.xib */ = {isa = PBXFileReference; fileEncoding = 4; lastKnownFileType = file.xib; path = MatchPartSummaryCell.xib; sourceTree = "<group>"; };
		E68D118715A68D090074982D /* MatchActionFilterCell.xib */ = {isa = PBXFileReference; fileEncoding = 4; lastKnownFileType = file.xib; path = MatchActionFilterCell.xib; sourceTree = "<group>"; };
		E68D118915A696B60074982D /* DefaultTeamProfile@2x.png */ = {isa = PBXFileReference; lastKnownFileType = image.png; path = "DefaultTeamProfile@2x.png"; sourceTree = "<group>"; };
		E68D119115A6C7460074982D /* Action.h */ = {isa = PBXFileReference; fileEncoding = 4; lastKnownFileType = sourcecode.c.h; path = Action.h; sourceTree = "<group>"; };
		E68D119215A6C7460074982D /* Action.m */ = {isa = PBXFileReference; fileEncoding = 4; lastKnownFileType = sourcecode.c.objc; path = Action.m; sourceTree = "<group>"; };
		E69255F015B3EA7500CBF606 /* TeamStatistics.h */ = {isa = PBXFileReference; fileEncoding = 4; lastKnownFileType = sourcecode.c.h; path = TeamStatistics.h; sourceTree = "<group>"; };
		E69255F115B3EA7500CBF606 /* TeamStatistics.m */ = {isa = PBXFileReference; fileEncoding = 4; lastKnownFileType = sourcecode.c.objc; path = TeamStatistics.m; sourceTree = "<group>"; };
		E69255FC15B551EA00CBF606 /* Team.h */ = {isa = PBXFileReference; fileEncoding = 4; lastKnownFileType = sourcecode.c.h; path = Team.h; sourceTree = "<group>"; };
		E69255FD15B551EA00CBF606 /* Team.m */ = {isa = PBXFileReference; fileEncoding = 4; lastKnownFileType = sourcecode.c.objc; path = Team.m; sourceTree = "<group>"; };
		E6BECB1315BB07E700AABC38 /* Empty.xib */ = {isa = PBXFileReference; fileEncoding = 4; lastKnownFileType = file.xib; path = Empty.xib; sourceTree = "<group>"; };
		E6BECB1715BB102700AABC38 /* BadgeCount.png */ = {isa = PBXFileReference; lastKnownFileType = image.png; path = BadgeCount.png; sourceTree = "<group>"; };
		E6BECB1915BB11D300AABC38 /* red_button.png */ = {isa = PBXFileReference; lastKnownFileType = image.png; path = red_button.png; sourceTree = "<group>"; };
		E6BECB1B15BB128D00AABC38 /* green_button.png */ = {isa = PBXFileReference; lastKnownFileType = image.png; path = green_button.png; sourceTree = "<group>"; };
		E6BECB1D15BB133D00AABC38 /* blue_button.png */ = {isa = PBXFileReference; lastKnownFileType = image.png; path = blue_button.png; sourceTree = "<group>"; };
		E6BECB1F15BB18BA00AABC38 /* badgeValueBlue@2x.png */ = {isa = PBXFileReference; lastKnownFileType = image.png; path = "badgeValueBlue@2x.png"; sourceTree = "<group>"; };
		E6BECB2115BB1F3900AABC38 /* puppy-dog.jpg */ = {isa = PBXFileReference; lastKnownFileType = image.jpeg; path = "puppy-dog.jpg"; sourceTree = "<group>"; };
		E6CEFCBF15B90A6400324713 /* ConfiguratorViewController.h */ = {isa = PBXFileReference; fileEncoding = 4; lastKnownFileType = sourcecode.c.h; path = ConfiguratorViewController.h; sourceTree = "<group>"; };
		E6CEFCC015B90A6400324713 /* ConfiguratorViewController.m */ = {isa = PBXFileReference; fileEncoding = 4; lastKnownFileType = sourcecode.c.objc; path = ConfiguratorViewController.m; sourceTree = "<group>"; };
		E6CEFCE715B9597900324713 /* TabBarHistory.png */ = {isa = PBXFileReference; lastKnownFileType = image.png; path = TabBarHistory.png; sourceTree = "<group>"; };
		E6CEFCE815B9597900324713 /* TabBarHistory@2x.png */ = {isa = PBXFileReference; lastKnownFileType = image.png; path = "TabBarHistory@2x.png"; sourceTree = "<group>"; };
		E6CEFCE915B9597900324713 /* TabBarSetting.png */ = {isa = PBXFileReference; lastKnownFileType = image.png; path = TabBarSetting.png; sourceTree = "<group>"; };
		E6CEFCEA15B9597900324713 /* TabBarSetting@2x.png */ = {isa = PBXFileReference; lastKnownFileType = image.png; path = "TabBarSetting@2x.png"; sourceTree = "<group>"; };
		E6CEFCEB15B9597900324713 /* TabBarTeam.png */ = {isa = PBXFileReference; lastKnownFileType = image.png; path = TabBarTeam.png; sourceTree = "<group>"; };
		E6CEFCEC15B9597900324713 /* TabBarTeam@2x.png */ = {isa = PBXFileReference; lastKnownFileType = image.png; path = "TabBarTeam@2x.png"; sourceTree = "<group>"; };
		E6E1D94B15AA87F800CB0C0E /* ActionManager.h */ = {isa = PBXFileReference; fileEncoding = 4; lastKnownFileType = sourcecode.c.h; path = ActionManager.h; sourceTree = "<group>"; };
		E6E1D94C15AA87F800CB0C0E /* ActionManager.m */ = {isa = PBXFileReference; fileEncoding = 4; lastKnownFileType = sourcecode.c.objc; path = ActionManager.m; sourceTree = "<group>"; };
		E6E1D95415AB183500CB0C0E /* TeamManager.h */ = {isa = PBXFileReference; fileEncoding = 4; lastKnownFileType = sourcecode.c.h; path = TeamManager.h; sourceTree = "<group>"; };
		E6E1D95515AB183500CB0C0E /* TeamManager.m */ = {isa = PBXFileReference; fileEncoding = 4; lastKnownFileType = sourcecode.c.objc; path = TeamManager.m; sourceTree = "<group>"; };
		E6E1D95715AB1E1A00CB0C0E /* BaseManager.h */ = {isa = PBXFileReference; fileEncoding = 4; lastKnownFileType = sourcecode.c.h; path = BaseManager.h; sourceTree = "<group>"; };
		E6E1D95815AB1E1A00CB0C0E /* BaseManager.m */ = {isa = PBXFileReference; fileEncoding = 4; lastKnownFileType = sourcecode.c.objc; path = BaseManager.m; sourceTree = "<group>"; };
		E6E1D97615AED57700CB0C0E /* TeamRecordCell.xib */ = {isa = PBXFileReference; fileEncoding = 4; lastKnownFileType = file.xib; path = TeamRecordCell.xib; sourceTree = "<group>"; };
		E6E1D98215B01EC800CB0C0E /* Add@2x.png */ = {isa = PBXFileReference; lastKnownFileType = image.png; path = "Add@2x.png"; sourceTree = "<group>"; };
		E6E1D98515B01F6900CB0C0E /* Add.png */ = {isa = PBXFileReference; lastKnownFileType = image.png; path = Add.png; sourceTree = "<group>"; };
		E6E9691915BE40050073C5B8 /* Match.h */ = {isa = PBXFileReference; fileEncoding = 4; lastKnownFileType = sourcecode.c.h; path = Match.h; sourceTree = "<group>"; };
		E6E9691A15BE40050073C5B8 /* Match.m */ = {isa = PBXFileReference; fileEncoding = 4; lastKnownFileType = sourcecode.c.objc; path = Match.m; sourceTree = "<group>"; };
		E6E9692215BFDEE90073C5B8 /* StartMatchCell.xib */ = {isa = PBXFileReference; fileEncoding = 4; lastKnownFileType = file.xib; path = StartMatchCell.xib; sourceTree = "<group>"; };
/* End PBXFileReference section */

/* Begin PBXFrameworksBuildPhase section */
		3CC1680815A2E52A00A2AB44 /* Frameworks */ = {
			isa = PBXFrameworksBuildPhase;
			buildActionMask = 2147483647;
			files = (
				3CCAE46115BE3B440030C302 /* MapKit.framework in Frameworks */,
				3CCAE41815BD4C900030C302 /* CoreLocation.framework in Frameworks */,
				3C82956115B3EE7800A5E7E7 /* AudioToolbox.framework in Frameworks */,
				3CC1681015A2E52A00A2AB44 /* UIKit.framework in Frameworks */,
				3CC1681215A2E52A00A2AB44 /* Foundation.framework in Frameworks */,
				3CC1681415A2E52A00A2AB44 /* CoreGraphics.framework in Frameworks */,
				3CC1681615A2E52A00A2AB44 /* CoreData.framework in Frameworks */,
			);
			runOnlyForDeploymentPostprocessing = 0;
		};
/* End PBXFrameworksBuildPhase section */

/* Begin PBXGroup section */
		3C121F6715A437530062BECD /* images */ = {
			isa = PBXGroup;
			children = (
				3C2B1B3915C699C700BAB6BE /* buttonPlayBlue.png */,
				3C06B17715C24EF50009C909 /* matchPause.png */,
				3C13E49C15C1939500F4307C /* timeStop.png */,
				E6275FBF15C1256000FBE247 /* Basketball.png */,
				E6275FC015C1256000FBE247 /* Basketball@2x.png */,
				E6E1D98515B01F6900CB0C0E /* Add.png */,
				E6E1D98215B01EC800CB0C0E /* Add@2x.png */,
				E68D118915A696B60074982D /* DefaultTeamProfile@2x.png */,
				E68D117015A59DA20074982D /* DefaultTeamProfile.png */,
				3CCAE4F615BFE4400030C302 /* buttonCancelBackground.png */,
				3CCAE46215BE53E40030C302 /* badgeValueRed.png */,
				3C42823A15B7B1B500903F9D /* buttonBackground.png */,
				3CEDBF6615B63F37003EF7EF /* button_background.png */,
				3CBA0C1315AED332003505BC /* popoverArrowDown.png */,
				3CBA0C1415AED332003505BC /* popoverArrowDown@2x.png */,
				3CBA0C1515AED332003505BC /* popoverArrowDownSimple.png */,
				3CBA0C1615AED332003505BC /* popoverArrowLeft.png */,
				3CBA0C1715AED332003505BC /* popoverArrowLeft@2x.png */,
				3CBA0C1815AED332003505BC /* popoverArrowLeftSimple.png */,
				3CBA0C1915AED332003505BC /* popoverArrowRight.png */,
				3CBA0C1A15AED332003505BC /* popoverArrowRight@2x.png */,
				3CBA0C1B15AED332003505BC /* popoverArrowRightSimple.png */,
				3CBA0C1C15AED332003505BC /* popoverArrowUp.png */,
				3CBA0C1D15AED332003505BC /* popoverArrowUp@2x.png */,
				3CBA0C1E15AED332003505BC /* popoverArrowUpSimple.png */,
				3CBA0C1F15AED332003505BC /* popoverBg.png */,
				3CBA0C2015AED332003505BC /* popoverBg@2x.png */,
				3CBA0C2115AED332003505BC /* popoverBgSimple.png */,
				3C121FEA15A673460062BECD /* stop.png */,
				3C121FEB15A673460062BECD /* stop@2x.png */,
				3C121FE015A6708A0062BECD /* pause.png */,
				3C121FE115A6708A0062BECD /* pause@2x.png */,
				3C121FE215A6708A0062BECD /* play.png */,
				3C121FE315A6708A0062BECD /* play@2x.png */,
			);
			name = images;
			sourceTree = "<group>";
		};
		3C121F7615A43D290062BECD /* library */ = {
			isa = PBXGroup;
			children = (
				3C121F7A15A43DC30062BECD /* define.h */,
				3CCAE41415BD3E4F0030C302 /* LocationManager.h */,
				3CCAE41515BD3E4F0030C302 /* LocationManager.m */,
				3CCAE4AD15BEF0600030C302 /* MapAnnotation.h */,
				3CCAE4AE15BEF0600030C302 /* MapAnnotation.m */,
				E65FF05B15C6261F00E96D6A /* Feature.h */,
				E65FF05C15C6261F00E96D6A /* Feature.m */,
			);
			name = library;
			sourceTree = "<group>";
		};
		3C12203015A6D9C60062BECD /* music */ = {
			isa = PBXGroup;
			children = (
				3C12203115A6D9DA0062BECD /* sendmsg.caf */,
			);
			name = music;
			sourceTree = "<group>";
		};
		3CBA0C0215AECD06003505BC /* Popover */ = {
			isa = PBXGroup;
			children = (
				3CBA0C0315AECD2E003505BC /* UIBarButtonItem+WEPopover.h */,
				3CBA0C0415AECD2E003505BC /* UIBarButtonItem+WEPopover.m */,
				3CBA0C0515AECD2E003505BC /* WEPopoverContainerView.h */,
				3CBA0C0615AECD2E003505BC /* WEPopoverContainerView.m */,
				3CBA0C0715AECD2E003505BC /* WEPopoverController.h */,
				3CBA0C0815AECD2E003505BC /* WEPopoverController.m */,
				3CBA0C0915AECD2E003505BC /* WEPopoverParentView.h */,
				3CBA0C0A15AECD2E003505BC /* WETouchableView.h */,
				3CBA0C0B15AECD2E003505BC /* WETouchableView.m */,
			);
			name = Popover;
			sourceTree = "<group>";
		};
		3CC1680015A2E52A00A2AB44 = {
			isa = PBXGroup;
			children = (
				3CC1681715A2E52B00A2AB44 /* Basketballer */,
				3CC1680E15A2E52A00A2AB44 /* Frameworks */,
				3CC1680C15A2E52A00A2AB44 /* Products */,
			);
			sourceTree = "<group>";
		};
		3CC1680C15A2E52A00A2AB44 /* Products */ = {
			isa = PBXGroup;
			children = (
				3CC1680B15A2E52A00A2AB44 /* Basketballer.app */,
			);
			name = Products;
			sourceTree = "<group>";
		};
		3CC1680E15A2E52A00A2AB44 /* Frameworks */ = {
			isa = PBXGroup;
			children = (
				3CCAE46015BE3B440030C302 /* MapKit.framework */,
				3CCAE41715BD4C900030C302 /* CoreLocation.framework */,
				3C82956015B3EE7800A5E7E7 /* AudioToolbox.framework */,
				3CC1680F15A2E52A00A2AB44 /* UIKit.framework */,
				3CC1681115A2E52A00A2AB44 /* Foundation.framework */,
				3CC1681315A2E52A00A2AB44 /* CoreGraphics.framework */,
				3CC1681515A2E52A00A2AB44 /* CoreData.framework */,
			);
			name = Frameworks;
			sourceTree = "<group>";
		};
		3CC1681715A2E52B00A2AB44 /* Basketballer */ = {
			isa = PBXGroup;
			children = (
				3CBA0C0215AECD06003505BC /* Popover */,
				3C121F7615A43D290062BECD /* library */,
				E68D110315A2F7020074982D /* DataStore */,
				3CC1683815A2E6EE00A2AB44 /* Classes */,
				3CC1683315A2E5E400A2AB44 /* Resources */,
				3CC1682015A2E52B00A2AB44 /* AppDelegate.h */,
				3CC1682115A2E52B00A2AB44 /* AppDelegate.m */,
				3CC1682315A2E52B00A2AB44 /* Basketballer.xcdatamodeld */,
				3CC1681815A2E52B00A2AB44 /* Supporting Files */,
			);
			path = Basketballer;
			sourceTree = "<group>";
		};
		3CC1681815A2E52B00A2AB44 /* Supporting Files */ = {
			isa = PBXGroup;
			children = (
				3CC1681915A2E52B00A2AB44 /* Basketballer-Info.plist */,
				3CC1681A15A2E52B00A2AB44 /* InfoPlist.strings */,
				3CC1681D15A2E52B00A2AB44 /* main.m */,
				3CC1681F15A2E52B00A2AB44 /* Basketballer-Prefix.pch */,
			);
			name = "Supporting Files";
			sourceTree = "<group>";
		};
		3CC1683315A2E5E400A2AB44 /* Resources */ = {
			isa = PBXGroup;
			children = (
				3CC1683515A2E60200A2AB44 /* xib */,
				E6BECB1615BB101700AABC38 /* Operation */,
				E6CEFCD215B9571400324713 /* TabBar */,
				3C12203015A6D9C60062BECD /* music */,
				3C121F6715A437530062BECD /* images */,
			);
			name = Resources;
			sourceTree = "<group>";
		};
		3CC1683515A2E60200A2AB44 /* xib */ = {
			isa = PBXGroup;
			children = (
				3C82955915B3B2A300A5E7E7 /* ActionRecordViewController.xib */,
				3C82955415B3AF6400A5E7E7 /* ActionRecordCell.xib */,
				3C121F6415A3E9C00062BECD /* EditTeamInfoViewController.xib */,
				3CFE1D2E15AC876A00247B80 /* EditTeamNameViewController.xib */,
				E6BECB1315BB07E700AABC38 /* Empty.xib */,
				3CCAE45815BE25790030C302 /* GameHistoriesMapViewController.xib */,
				3CC1683B15A2E71400A2AB44 /* GameHistoriesViewController.xib */,
				3CC1683615A2E61A00A2AB44 /* MainWindow.xib */,
				E68D118715A68D090074982D /* MatchActionFilterCell.xib */,
				3C42824015B7C32200903F9D /* MatchModeCell.xib */,
				E68D118415A684B30074982D /* MatchPartSummaryCell.xib */,
				E68D116E15A591AA0074982D /* MatchRecordCell.xib */,
				3C121F5E15A3D58A0062BECD /* OperateGameViewController.xib */,
				3CC1687D15A2F70E00A2AB44 /* PlayGameViewController.xib */,
				3C42824215B8E00C00903F9D /* PopoverContentCell.xib */,
				3CFE1D1C15AC175E00247B80 /* StartGameViewController.xib */,
				E6E9692215BFDEE90073C5B8 /* StartMatchCell.xib */,
				3CBA0BFA15AE7726003505BC /* TeamChoiceViewController.xib */,
				E6E1D97615AED57700CB0C0E /* TeamRecordCell.xib */,
				3CC9129E15B1C477003C74D4 /* TimeoutPromptViewController.xib */,
				3C13E49A15C192DB00F4307C /* TimeStopPromptView.xib */,
				E65FF05215C455F200E96D6A /* TeamImageEditCell.xib */,
				3C2B1B3715C68FF700BAB6BE /* StartMatchView.xib */,
			);
			name = xib;
			sourceTree = "<group>";
		};
		3CC1683815A2E6EE00A2AB44 /* Classes */ = {
			isa = PBXGroup;
			children = (
				3C82955715B3B2A300A5E7E7 /* ActionRecordViewController.h */,
				3C82955815B3B2A300A5E7E7 /* ActionRecordViewController.m */,
				E6CEFCBF15B90A6400324713 /* ConfiguratorViewController.h */,
				E6CEFCC015B90A6400324713 /* ConfiguratorViewController.m */,
				3C121F6215A3E9C00062BECD /* EditTeamInfoViewController.h */,
				3C121F6315A3E9C00062BECD /* EditTeamInfoViewController.m */,
				3CFE1D2C15AC876900247B80 /* EditTeamNameViewController.h */,
				3CFE1D2D15AC876900247B80 /* EditTeamNameViewController.m */,
				E68D117715A5F28F0074982D /* GameDetailsViewController.h */,
				E68D117815A5F2900074982D /* GameDetailsViewController.m */,
				E68D117915A5F2900074982D /* GameDetailsViewController.xib */,
				3CCAE45615BE25790030C302 /* GameHistoriesMapViewController.h */,
				3CCAE45715BE25790030C302 /* GameHistoriesMapViewController.m */,
				3CC1683915A2E71400A2AB44 /* GameHistoriesViewController.h */,
				3CC1683A15A2E71400A2AB44 /* GameHistoriesViewController.m */,
				E68D111115A2FAA30074982D /* GameSettingViewController.h */,
				E68D111215A2FAA40074982D /* GameSettingViewController.m */,
				3C121F5C15A3D58A0062BECD /* OperateGameViewController.h */,
				3C121F5D15A3D58A0062BECD /* OperateGameViewController.m */,
				3CC1687B15A2F70E00A2AB44 /* PlayGameViewController.h */,
				3CC1687C15A2F70E00A2AB44 /* PlayGameViewController.m */,
				E68D116015A4245A0074982D /* SingleChoiceViewController.h */,
				E68D116115A4245A0074982D /* SingleChoiceViewController.m */,
				3CFE1D1A15AC175E00247B80 /* StartGameViewController.h */,
				3CFE1D1B15AC175E00247B80 /* StartGameViewController.m */,
				3CBA0BF815AE7726003505BC /* TeamChoiceViewController.h */,
				3CBA0BF915AE7726003505BC /* TeamChoiceViewController.m */,
				3CC9129C15B1C477003C74D4 /* TimeoutPromptViewController.h */,
				3CC9129D15B1C477003C74D4 /* TimeoutPromptViewController.m */,
				3CBA0C1015AECD4A003505BC /* WEPopoverContentViewController.h */,
				3CBA0C1115AECD4B003505BC /* WEPopoverContentViewController.m */,
				E6275FBA15C0E69900FBE247 /* SurroundingsViewController.h */,
				E6275FBB15C0E69900FBE247 /* SurroundingsViewController.m */,
				E6275FBC15C0E69900FBE247 /* SurroundingsViewController.xib */,
				3C13E49615C192A900F4307C /* TimeStopPromptView.h */,
				3C13E49715C192A900F4307C /* TimeStopPromptView.m */,
				E65FF05815C5057500E96D6A /* RulesViewController.h */,
				E65FF05915C5057600E96D6A /* RulesViewController.m */,
				3C2B1B3115C68F3400BAB6BE /* StartMatchView.h */,
				3C2B1B3215C68F3400BAB6BE /* StartMatchView.m */,
			);
			name = Classes;
			sourceTree = "<group>";
		};
		E68D110315A2F7020074982D /* DataStore */ = {
			isa = PBXGroup;
			children = (
				E6E9691915BE40050073C5B8 /* Match.h */,
				E6E9691A15BE40050073C5B8 /* Match.m */,
				E6E1D95715AB1E1A00CB0C0E /* BaseManager.h */,
				E6E1D95815AB1E1A00CB0C0E /* BaseManager.m */,
				E68D116615A53CE40074982D /* MatchManager.h */,
				E68D116715A53CE50074982D /* MatchManager.m */,
				E68D119115A6C7460074982D /* Action.h */,
				E68D119215A6C7460074982D /* Action.m */,
				E6E1D94B15AA87F800CB0C0E /* ActionManager.h */,
				E6E1D94C15AA87F800CB0C0E /* ActionManager.m */,
				E69255FC15B551EA00CBF606 /* Team.h */,
				E69255FD15B551EA00CBF606 /* Team.m */,
				E69255F015B3EA7500CBF606 /* TeamStatistics.h */,
				E69255F115B3EA7500CBF606 /* TeamStatistics.m */,
				E6E1D95415AB183500CB0C0E /* TeamManager.h */,
				E6E1D95515AB183500CB0C0E /* TeamManager.m */,
				E68D111C15A3DA0C0074982D /* GameSetting.h */,
				E68D111D15A3DA0C0074982D /* GameSetting.m */,
			);
			name = DataStore;
			sourceTree = "<group>";
		};
		E6BECB1615BB101700AABC38 /* Operation */ = {
			isa = PBXGroup;
			children = (
				E6BECB2115BB1F3900AABC38 /* puppy-dog.jpg */,
				E6BECB1F15BB18BA00AABC38 /* badgeValueBlue@2x.png */,
				E6BECB1D15BB133D00AABC38 /* blue_button.png */,
				E6BECB1B15BB128D00AABC38 /* green_button.png */,
				E6BECB1915BB11D300AABC38 /* red_button.png */,
				E6BECB1715BB102700AABC38 /* BadgeCount.png */,
			);
			name = Operation;
			sourceTree = "<group>";
		};
		E6CEFCD215B9571400324713 /* TabBar */ = {
			isa = PBXGroup;
			children = (
				E6CEFCE715B9597900324713 /* TabBarHistory.png */,
				E6CEFCE815B9597900324713 /* TabBarHistory@2x.png */,
				E6CEFCE915B9597900324713 /* TabBarSetting.png */,
				E6CEFCEA15B9597900324713 /* TabBarSetting@2x.png */,
				E6CEFCEB15B9597900324713 /* TabBarTeam.png */,
				E6CEFCEC15B9597900324713 /* TabBarTeam@2x.png */,
			);
			name = TabBar;
			sourceTree = "<group>";
		};
/* End PBXGroup section */

/* Begin PBXNativeTarget section */
		3CC1680A15A2E52A00A2AB44 /* Basketballer */ = {
			isa = PBXNativeTarget;
			buildConfigurationList = 3CC1682815A2E52B00A2AB44 /* Build configuration list for PBXNativeTarget "Basketballer" */;
			buildPhases = (
				3CC1680715A2E52A00A2AB44 /* Sources */,
				3CC1680815A2E52A00A2AB44 /* Frameworks */,
				3CC1680915A2E52A00A2AB44 /* Resources */,
			);
			buildRules = (
			);
			dependencies = (
			);
			name = Basketballer;
			productName = Basketballer;
			productReference = 3CC1680B15A2E52A00A2AB44 /* Basketballer.app */;
			productType = "com.apple.product-type.application";
		};
/* End PBXNativeTarget section */

/* Begin PBXProject section */
		3CC1680215A2E52A00A2AB44 /* Project object */ = {
			isa = PBXProject;
			attributes = {
				LastUpgradeCheck = 0430;
			};
			buildConfigurationList = 3CC1680515A2E52A00A2AB44 /* Build configuration list for PBXProject "Basketballer" */;
			compatibilityVersion = "Xcode 3.2";
			developmentRegion = English;
			hasScannedForEncodings = 0;
			knownRegions = (
				en,
			);
			mainGroup = 3CC1680015A2E52A00A2AB44;
			productRefGroup = 3CC1680C15A2E52A00A2AB44 /* Products */;
			projectDirPath = "";
			projectRoot = "";
			targets = (
				3CC1680A15A2E52A00A2AB44 /* Basketballer */,
			);
		};
/* End PBXProject section */

/* Begin PBXResourcesBuildPhase section */
		3CC1680915A2E52A00A2AB44 /* Resources */ = {
			isa = PBXResourcesBuildPhase;
			buildActionMask = 2147483647;
			files = (
				3CC1681C15A2E52B00A2AB44 /* InfoPlist.strings in Resources */,
				3CC1683715A2E61A00A2AB44 /* MainWindow.xib in Resources */,
				3CC1683D15A2E71400A2AB44 /* GameHistoriesViewController.xib in Resources */,
				3CC1687F15A2F70E00A2AB44 /* PlayGameViewController.xib in Resources */,
				3C121F6015A3D58A0062BECD /* OperateGameViewController.xib in Resources */,
				3C121F6615A3E9C00062BECD /* EditTeamInfoViewController.xib in Resources */,
				3C121FE515A6708A0062BECD /* pause.png in Resources */,
				3C121FE615A6708A0062BECD /* pause@2x.png in Resources */,
				3C121FE715A6708B0062BECD /* play.png in Resources */,
				3C121FE815A6708B0062BECD /* play@2x.png in Resources */,
				3C121FED15A673460062BECD /* stop.png in Resources */,
				3C121FEE15A673460062BECD /* stop@2x.png in Resources */,
				3C12203215A6D9DA0062BECD /* sendmsg.caf in Resources */,
				E68D116F15A591AA0074982D /* MatchRecordCell.xib in Resources */,
				E68D117115A59DA20074982D /* DefaultTeamProfile.png in Resources */,
				E68D117B15A5F2910074982D /* GameDetailsViewController.xib in Resources */,
				E68D118515A684B30074982D /* MatchPartSummaryCell.xib in Resources */,
				E68D118815A68D090074982D /* MatchActionFilterCell.xib in Resources */,
				E68D118A15A696B60074982D /* DefaultTeamProfile@2x.png in Resources */,
				3CFE1D1E15AC175E00247B80 /* StartGameViewController.xib in Resources */,
				3CFE1D3015AC876A00247B80 /* EditTeamNameViewController.xib in Resources */,
				3CBA0BFC15AE7726003505BC /* TeamChoiceViewController.xib in Resources */,
				3CBA0C2215AED332003505BC /* popoverArrowDown.png in Resources */,
				3CBA0C2315AED332003505BC /* popoverArrowDown@2x.png in Resources */,
				3CBA0C2415AED332003505BC /* popoverArrowDownSimple.png in Resources */,
				3CBA0C2515AED332003505BC /* popoverArrowLeft.png in Resources */,
				3CBA0C2615AED332003505BC /* popoverArrowLeft@2x.png in Resources */,
				3CBA0C2815AED332003505BC /* popoverArrowRight.png in Resources */,
				3CBA0C2915AED332003505BC /* popoverArrowRight@2x.png in Resources */,
				3CBA0C2A15AED332003505BC /* popoverArrowRightSimple.png in Resources */,
				3CBA0C2B15AED332003505BC /* popoverArrowUp.png in Resources */,
				3CBA0C2C15AED332003505BC /* popoverArrowUp@2x.png in Resources */,
				3CBA0C2D15AED332003505BC /* popoverArrowUpSimple.png in Resources */,
				3CBA0C2E15AED332003505BC /* popoverBg.png in Resources */,
				3CBA0C2F15AED332003505BC /* popoverBg@2x.png in Resources */,
				3CBA0C3015AED332003505BC /* popoverBgSimple.png in Resources */,
				E6E1D97715AED57700CB0C0E /* TeamRecordCell.xib in Resources */,
				E6E1D98415B01EC800CB0C0E /* Add@2x.png in Resources */,
				E6E1D98615B01F6900CB0C0E /* Add.png in Resources */,
				3CC912A015B1C477003C74D4 /* TimeoutPromptViewController.xib in Resources */,
				3C82955515B3AF6400A5E7E7 /* ActionRecordCell.xib in Resources */,
				3C82955B15B3B2A300A5E7E7 /* ActionRecordViewController.xib in Resources */,
				3CEDBF6715B63F37003EF7EF /* button_background.png in Resources */,
				3C42823B15B7B1B500903F9D /* buttonBackground.png in Resources */,
				3C42824115B7C32200903F9D /* MatchModeCell.xib in Resources */,
				3C42824315B8E00C00903F9D /* PopoverContentCell.xib in Resources */,
				E6CEFCED15B9597900324713 /* TabBarHistory.png in Resources */,
				E6CEFCEE15B9597900324713 /* TabBarHistory@2x.png in Resources */,
				E6CEFCEF15B9597900324713 /* TabBarSetting.png in Resources */,
				E6CEFCF015B9597900324713 /* TabBarSetting@2x.png in Resources */,
				E6CEFCF115B9597900324713 /* TabBarTeam.png in Resources */,
				E6CEFCF215B9597900324713 /* TabBarTeam@2x.png in Resources */,
				E6BECB1415BB07E700AABC38 /* Empty.xib in Resources */,
				E6BECB1815BB102700AABC38 /* BadgeCount.png in Resources */,
				E6BECB1A15BB11D300AABC38 /* red_button.png in Resources */,
				E6BECB1C15BB128D00AABC38 /* green_button.png in Resources */,
				E6BECB1E15BB133D00AABC38 /* blue_button.png in Resources */,
				E6BECB2015BB18BA00AABC38 /* badgeValueBlue@2x.png in Resources */,
				E6BECB2215BB1F3900AABC38 /* puppy-dog.jpg in Resources */,
				3CCAE45A15BE25790030C302 /* GameHistoriesMapViewController.xib in Resources */,
				3CCAE46315BE53E40030C302 /* badgeValueRed.png in Resources */,
				E6E9692315BFDEEA0073C5B8 /* StartMatchCell.xib in Resources */,
				3CCAE4F715BFE4400030C302 /* buttonCancelBackground.png in Resources */,
				E6275FBE15C0E69900FBE247 /* SurroundingsViewController.xib in Resources */,
				E6275FC115C1256000FBE247 /* Basketball.png in Resources */,
				E6275FC215C1256000FBE247 /* Basketball@2x.png in Resources */,
				3C13E49B15C192DB00F4307C /* TimeStopPromptView.xib in Resources */,
				3C13E49D15C1939500F4307C /* timeStop.png in Resources */,
				3C06B17815C24EF50009C909 /* matchPause.png in Resources */,
				E65FF05315C455F300E96D6A /* TeamImageEditCell.xib in Resources */,
				3C2B1B3815C68FF700BAB6BE /* StartMatchView.xib in Resources */,
				3C2B1B3A15C699C700BAB6BE /* buttonPlayBlue.png in Resources */,
			);
			runOnlyForDeploymentPostprocessing = 0;
		};
/* End PBXResourcesBuildPhase section */

/* Begin PBXSourcesBuildPhase section */
		3CC1680715A2E52A00A2AB44 /* Sources */ = {
			isa = PBXSourcesBuildPhase;
			buildActionMask = 2147483647;
			files = (
				3CC1681E15A2E52B00A2AB44 /* main.m in Sources */,
				3CC1682215A2E52B00A2AB44 /* AppDelegate.m in Sources */,
				3CC1682515A2E52B00A2AB44 /* Basketballer.xcdatamodeld in Sources */,
				3CC1683C15A2E71400A2AB44 /* GameHistoriesViewController.m in Sources */,
				3CC1687E15A2F70E00A2AB44 /* PlayGameViewController.m in Sources */,
				3C121F5F15A3D58A0062BECD /* OperateGameViewController.m in Sources */,
				3C121F6515A3E9C00062BECD /* EditTeamInfoViewController.m in Sources */,
				E68D111315A2FAA40074982D /* GameSettingViewController.m in Sources */,
				E68D111E15A3DA0C0074982D /* GameSetting.m in Sources */,
				E68D116215A4245A0074982D /* SingleChoiceViewController.m in Sources */,
				E68D116815A53CE50074982D /* MatchManager.m in Sources */,
				E68D117A15A5F2910074982D /* GameDetailsViewController.m in Sources */,
				E68D119315A6C7460074982D /* Action.m in Sources */,
				E6E1D94D15AA87F800CB0C0E /* ActionManager.m in Sources */,
				E6E1D95615AB183500CB0C0E /* TeamManager.m in Sources */,
				E6E1D95915AB1E1A00CB0C0E /* BaseManager.m in Sources */,
				3CFE1D1D15AC175E00247B80 /* StartGameViewController.m in Sources */,
				3CFE1D2F15AC876A00247B80 /* EditTeamNameViewController.m in Sources */,
				3CBA0BFB15AE7726003505BC /* TeamChoiceViewController.m in Sources */,
				3CBA0C0C15AECD2E003505BC /* UIBarButtonItem+WEPopover.m in Sources */,
				3CBA0C0D15AECD2E003505BC /* WEPopoverContainerView.m in Sources */,
				3CBA0C0E15AECD2E003505BC /* WEPopoverController.m in Sources */,
				3CBA0C0F15AECD2E003505BC /* WETouchableView.m in Sources */,
				3CBA0C1215AECD4B003505BC /* WEPopoverContentViewController.m in Sources */,
				E69255F215B3EA7500CBF606 /* TeamStatistics.m in Sources */,
				3CC9129F15B1C477003C74D4 /* TimeoutPromptViewController.m in Sources */,
				3C82955A15B3B2A300A5E7E7 /* ActionRecordViewController.m in Sources */,
				E69255FE15B551EA00CBF606 /* Team.m in Sources */,
				E6CEFCC115B90A6500324713 /* ConfiguratorViewController.m in Sources */,
				3CCAE41615BD3E4F0030C302 /* LocationManager.m in Sources */,
				3CCAE45915BE25790030C302 /* GameHistoriesMapViewController.m in Sources */,
				E6E9691B15BE40050073C5B8 /* Match.m in Sources */,
				3CCAE4AF15BEF0600030C302 /* MapAnnotation.m in Sources */,
				E6275FBD15C0E69900FBE247 /* SurroundingsViewController.m in Sources */,
				3C13E49815C192A900F4307C /* TimeStopPromptView.m in Sources */,
				E65FF05A15C5057600E96D6A /* RulesViewController.m in Sources */,
				E65FF05D15C6261F00E96D6A /* Feature.m in Sources */,
				3C2B1B3315C68F3500BAB6BE /* StartMatchView.m in Sources */,
			);
			runOnlyForDeploymentPostprocessing = 0;
		};
/* End PBXSourcesBuildPhase section */

/* Begin PBXVariantGroup section */
		3CC1681A15A2E52B00A2AB44 /* InfoPlist.strings */ = {
			isa = PBXVariantGroup;
			children = (
				3CC1681B15A2E52B00A2AB44 /* en */,
			);
			name = InfoPlist.strings;
			sourceTree = "<group>";
		};
/* End PBXVariantGroup section */

/* Begin XCBuildConfiguration section */
		3CC1682615A2E52B00A2AB44 /* Debug */ = {
			isa = XCBuildConfiguration;
			buildSettings = {
				ALWAYS_SEARCH_USER_PATHS = NO;
				ARCHS = "$(ARCHS_STANDARD_32_BIT)";
				CLANG_ENABLE_OBJC_ARC = YES;
				CODE_SIGN_IDENTITY = "iPhone Developer: WANWEI LIU (5Y6RV2MD2B)";
				"CODE_SIGN_IDENTITY[sdk=iphoneos*]" = "iPhone Developer";
				COPY_PHASE_STRIP = NO;
				GCC_C_LANGUAGE_STANDARD = gnu99;
				GCC_DYNAMIC_NO_PIC = NO;
				GCC_OPTIMIZATION_LEVEL = 0;
				GCC_PREPROCESSOR_DEFINITIONS = (
					"DEBUG=1",
					"$(inherited)",
				);
				GCC_SYMBOLS_PRIVATE_EXTERN = NO;
				GCC_VERSION = com.apple.compilers.llvm.clang.1_0;
				GCC_WARN_ABOUT_RETURN_TYPE = YES;
				GCC_WARN_UNINITIALIZED_AUTOS = YES;
				GCC_WARN_UNUSED_VARIABLE = YES;
				IPHONEOS_DEPLOYMENT_TARGET = 5.0;
				PROVISIONING_PROFILE = "6BC06E57-3B09-4524-A158-5451A6A07668";
				SDKROOT = iphoneos;
			};
			name = Debug;
		};
		3CC1682715A2E52B00A2AB44 /* Release */ = {
			isa = XCBuildConfiguration;
			buildSettings = {
				ALWAYS_SEARCH_USER_PATHS = NO;
				ARCHS = "$(ARCHS_STANDARD_32_BIT)";
				CLANG_ENABLE_OBJC_ARC = YES;
				CODE_SIGN_IDENTITY = "iPhone Developer: WANWEI LIU (5Y6RV2MD2B)";
				"CODE_SIGN_IDENTITY[sdk=iphoneos*]" = "iPhone Developer";
				COPY_PHASE_STRIP = YES;
				GCC_C_LANGUAGE_STANDARD = gnu99;
				GCC_VERSION = com.apple.compilers.llvm.clang.1_0;
				GCC_WARN_ABOUT_RETURN_TYPE = YES;
				GCC_WARN_UNINITIALIZED_AUTOS = YES;
				GCC_WARN_UNUSED_VARIABLE = YES;
				IPHONEOS_DEPLOYMENT_TARGET = 5.0;
				OTHER_CFLAGS = "-DNS_BLOCK_ASSERTIONS=1";
				PROVISIONING_PROFILE = "6BC06E57-3B09-4524-A158-5451A6A07668";
				SDKROOT = iphoneos;
				VALIDATE_PRODUCT = YES;
			};
			name = Release;
		};
		3CC1682915A2E52B00A2AB44 /* Debug */ = {
			isa = XCBuildConfiguration;
			buildSettings = {
				GCC_PRECOMPILE_PREFIX_HEADER = YES;
				GCC_PREFIX_HEADER = "Basketballer/Basketballer-Prefix.pch";
				INFOPLIST_FILE = "Basketballer/Basketballer-Info.plist";
				IPHONEOS_DEPLOYMENT_TARGET = 5.0;
				PRODUCT_NAME = "$(TARGET_NAME)";
				WRAPPER_EXTENSION = app;
			};
			name = Debug;
		};
		3CC1682A15A2E52B00A2AB44 /* Release */ = {
			isa = XCBuildConfiguration;
			buildSettings = {
				GCC_PRECOMPILE_PREFIX_HEADER = YES;
				GCC_PREFIX_HEADER = "Basketballer/Basketballer-Prefix.pch";
				INFOPLIST_FILE = "Basketballer/Basketballer-Info.plist";
				IPHONEOS_DEPLOYMENT_TARGET = 5.0;
				PRODUCT_NAME = "$(TARGET_NAME)";
				WRAPPER_EXTENSION = app;
			};
			name = Release;
		};
/* End XCBuildConfiguration section */

/* Begin XCConfigurationList section */
		3CC1680515A2E52A00A2AB44 /* Build configuration list for PBXProject "Basketballer" */ = {
			isa = XCConfigurationList;
			buildConfigurations = (
				3CC1682615A2E52B00A2AB44 /* Debug */,
				3CC1682715A2E52B00A2AB44 /* Release */,
			);
			defaultConfigurationIsVisible = 0;
			defaultConfigurationName = Release;
		};
		3CC1682815A2E52B00A2AB44 /* Build configuration list for PBXNativeTarget "Basketballer" */ = {
			isa = XCConfigurationList;
			buildConfigurations = (
				3CC1682915A2E52B00A2AB44 /* Debug */,
				3CC1682A15A2E52B00A2AB44 /* Release */,
			);
			defaultConfigurationIsVisible = 0;
			defaultConfigurationName = Release;
		};
/* End XCConfigurationList section */

/* Begin XCVersionGroup section */
		3CC1682315A2E52B00A2AB44 /* Basketballer.xcdatamodeld */ = {
			isa = XCVersionGroup;
			children = (
				3CC1682415A2E52B00A2AB44 /* Basketballer.xcdatamodel */,
			);
			currentVersion = 3CC1682415A2E52B00A2AB44 /* Basketballer.xcdatamodel */;
			path = Basketballer.xcdatamodeld;
			sourceTree = "<group>";
			versionGroupType = wrapper.xcdatamodel;
		};
/* End XCVersionGroup section */
	};
	rootObject = 3CC1680215A2E52A00A2AB44 /* Project object */;
}
